// !$*UTF8*$!
{
	archiveVersion = 1;
	classes = {
	};
	objectVersion = 46;
	objects = {

/* Begin PBXBuildFile section */
		BF18B2A01AF1C2A4008B9ACC /* PinManager.swift in Sources */ = {isa = PBXBuildFile; fileRef = BF18B29F1AF1C2A4008B9ACC /* PinManager.swift */; };
		BF2556881B531C330015670E /* Parse.framework in Frameworks */ = {isa = PBXBuildFile; fileRef = BF2556841B531BC00015670E /* Parse.framework */; };
		BF25568F1B531E2E0015670E /* AudioToolbox.framework in Frameworks */ = {isa = PBXBuildFile; fileRef = BFAF801C1AE83544007A3468 /* AudioToolbox.framework */; };
		BF2556901B531E350015670E /* CFNetwork.framework in Frameworks */ = {isa = PBXBuildFile; fileRef = BFAF801D1AE83544007A3468 /* CFNetwork.framework */; };
		BF2556911B531E410015670E /* CoreGraphics.framework in Frameworks */ = {isa = PBXBuildFile; fileRef = BFAF801E1AE83544007A3468 /* CoreGraphics.framework */; };
		BF2556921B531E480015670E /* CoreGraphics.framework in Frameworks */ = {isa = PBXBuildFile; fileRef = BFAF801E1AE83544007A3468 /* CoreGraphics.framework */; };
		BF2556931B531E4F0015670E /* CFNetwork.framework in Frameworks */ = {isa = PBXBuildFile; fileRef = BFAF801D1AE83544007A3468 /* CFNetwork.framework */; };
		BF2556941B531E580015670E /* AudioToolbox.framework in Frameworks */ = {isa = PBXBuildFile; fileRef = BFAF801C1AE83544007A3468 /* AudioToolbox.framework */; };
		BF2556951B531E600015670E /* CoreLocation.framework in Frameworks */ = {isa = PBXBuildFile; fileRef = BFAF801F1AE83544007A3468 /* CoreLocation.framework */; };
		BF2556961B531E680015670E /* MobileCoreServices.framework in Frameworks */ = {isa = PBXBuildFile; fileRef = BFAF80221AE83544007A3468 /* MobileCoreServices.framework */; };
		BF2556971B531E6F0015670E /* QuartzCore.framework in Frameworks */ = {isa = PBXBuildFile; fileRef = BFAF80231AE83544007A3468 /* QuartzCore.framework */; };
		BF2556981B531E760015670E /* Security.framework in Frameworks */ = {isa = PBXBuildFile; fileRef = BFAF80241AE83544007A3468 /* Security.framework */; };
		BF2556991B531E7C0015670E /* StoreKit.framework in Frameworks */ = {isa = PBXBuildFile; fileRef = BF2556891B531D430015670E /* StoreKit.framework */; };
		BF25569A1B531E840015670E /* SystemConfiguration.framework in Frameworks */ = {isa = PBXBuildFile; fileRef = BFAF80261AE83544007A3468 /* SystemConfiguration.framework */; };
		BF25569B1B531E8A0015670E /* libz.dylib in Frameworks */ = {isa = PBXBuildFile; fileRef = BFAF80211AE83544007A3468 /* libz.dylib */; };
		BF25569C1B531E910015670E /* libsqlite3.dylib in Frameworks */ = {isa = PBXBuildFile; fileRef = BFAF80201AE83544007A3468 /* libsqlite3.dylib */; };
		BF25569D1B531EA10015670E /* CoreLocation.framework in Frameworks */ = {isa = PBXBuildFile; fileRef = BFAF801F1AE83544007A3468 /* CoreLocation.framework */; };
		BF25569E1B531EA70015670E /* MobileCoreServices.framework in Frameworks */ = {isa = PBXBuildFile; fileRef = BFAF80221AE83544007A3468 /* MobileCoreServices.framework */; };
		BF25569F1B531EAF0015670E /* QuartzCore.framework in Frameworks */ = {isa = PBXBuildFile; fileRef = BFAF80231AE83544007A3468 /* QuartzCore.framework */; };
		BF2556A01B531EB50015670E /* Security.framework in Frameworks */ = {isa = PBXBuildFile; fileRef = BFAF80241AE83544007A3468 /* Security.framework */; };
		BF2556A11B531EC00015670E /* StoreKit.framework in Frameworks */ = {isa = PBXBuildFile; fileRef = BF2556891B531D430015670E /* StoreKit.framework */; };
		BF2556A21B531ED40015670E /* SystemConfiguration.framework in Frameworks */ = {isa = PBXBuildFile; fileRef = BFAF80261AE83544007A3468 /* SystemConfiguration.framework */; };
		BF2556A31B531EDC0015670E /* libz.dylib in Frameworks */ = {isa = PBXBuildFile; fileRef = BFAF80211AE83544007A3468 /* libz.dylib */; };
		BF2556A41B531EE20015670E /* libsqlite3.dylib in Frameworks */ = {isa = PBXBuildFile; fileRef = BFAF80201AE83544007A3468 /* libsqlite3.dylib */; };
		BF2556A51B531EF50015670E /* Parse.framework in Frameworks */ = {isa = PBXBuildFile; fileRef = BF2556841B531BC00015670E /* Parse.framework */; };
		BF2556A61B531EF80015670E /* Bolts.framework in Frameworks */ = {isa = PBXBuildFile; fileRef = BF2556831B531BC00015670E /* Bolts.framework */; };
		BF2556A71B531EF90015670E /* Bolts.framework in Frameworks */ = {isa = PBXBuildFile; fileRef = BF2556831B531BC00015670E /* Bolts.framework */; };
		BF3BB6BD1B0BA70E00C49E99 /* AverageInterfaceController.swift in Sources */ = {isa = PBXBuildFile; fileRef = BF3BB6BC1B0BA70E00C49E99 /* AverageInterfaceController.swift */; };
		BF3EA6AB1B5324B0004C5ACC /* PoopManager.swift in Sources */ = {isa = PBXBuildFile; fileRef = BFAF80371AE86573007A3468 /* PoopManager.swift */; };
		BF3EA6AC1B5324F9004C5ACC /* UserDefaultsManager.swift in Sources */ = {isa = PBXBuildFile; fileRef = BF9BD1B61AFA76280082B724 /* UserDefaultsManager.swift */; };
		BF47AD2F1AF94D19002BFDD1 /* GraphView.swift in Sources */ = {isa = PBXBuildFile; fileRef = BF47AD2E1AF94D19002BFDD1 /* GraphView.swift */; };
		BF9BD1B71AFA76280082B724 /* UserDefaultsManager.swift in Sources */ = {isa = PBXBuildFile; fileRef = BF9BD1B61AFA76280082B724 /* UserDefaultsManager.swift */; };
		BF9BD1B91AFA84AF0082B724 /* StatsViewController.swift in Sources */ = {isa = PBXBuildFile; fileRef = BF9BD1B81AFA84AF0082B724 /* StatsViewController.swift */; };
		BFAF7FEE1AE8318C007A3468 /* AppDelegate.swift in Sources */ = {isa = PBXBuildFile; fileRef = BFAF7FED1AE8318C007A3468 /* AppDelegate.swift */; };
		BFAF7FF31AE8318C007A3468 /* Main.storyboard in Resources */ = {isa = PBXBuildFile; fileRef = BFAF7FF11AE8318C007A3468 /* Main.storyboard */; };
		BFAF7FF51AE8318C007A3468 /* Images.xcassets in Resources */ = {isa = PBXBuildFile; fileRef = BFAF7FF41AE8318C007A3468 /* Images.xcassets */; };
		BFAF7FF81AE8318C007A3468 /* LaunchScreen.xib in Resources */ = {isa = PBXBuildFile; fileRef = BFAF7FF61AE8318C007A3468 /* LaunchScreen.xib */; };
		BFAF80041AE8318C007A3468 /* PoopCheckTests.swift in Sources */ = {isa = PBXBuildFile; fileRef = BFAF80031AE8318C007A3468 /* PoopCheckTests.swift */; };
		BFAF80361AE86562007A3468 /* UserManager.swift in Sources */ = {isa = PBXBuildFile; fileRef = BFAF80351AE86562007A3468 /* UserManager.swift */; };
		BFAF803C1AE87722007A3468 /* CheckInViewController.swift in Sources */ = {isa = PBXBuildFile; fileRef = BFAF803B1AE87722007A3468 /* CheckInViewController.swift */; };
		BFEEE2421B051CC400A62319 /* poopCheckWatchKitTests.swift in Sources */ = {isa = PBXBuildFile; fileRef = BFEEE2411B051CC400A62319 /* poopCheckWatchKitTests.swift */; };
		BFEEE2501B051D7200A62319 /* WatchKit.framework in Frameworks */ = {isa = PBXBuildFile; fileRef = BFEEE24F1B051D7200A62319 /* WatchKit.framework */; };
		BFEEE25B1B0A0FC200A62319 /* PoopManager.swift in Sources */ = {isa = PBXBuildFile; fileRef = BFAF80371AE86573007A3468 /* PoopManager.swift */; };
		BFF2D3411B050C7B00925FA6 /* InterfaceController.swift in Sources */ = {isa = PBXBuildFile; fileRef = BFF2D3401B050C7B00925FA6 /* InterfaceController.swift */; };
		BFF2D3431B050C7B00925FA6 /* NotificationController.swift in Sources */ = {isa = PBXBuildFile; fileRef = BFF2D3421B050C7B00925FA6 /* NotificationController.swift */; };
		BFF2D3451B050C7B00925FA6 /* GlanceController.swift in Sources */ = {isa = PBXBuildFile; fileRef = BFF2D3441B050C7B00925FA6 /* GlanceController.swift */; };
		BFF2D3471B050C7B00925FA6 /* Images.xcassets in Resources */ = {isa = PBXBuildFile; fileRef = BFF2D3461B050C7B00925FA6 /* Images.xcassets */; };
		BFF2D34B1B050C7B00925FA6 /* PoopCheck WatchKit App.app in Resources */ = {isa = PBXBuildFile; fileRef = BFF2D34A1B050C7B00925FA6 /* PoopCheck WatchKit App.app */; };
		BFF2D3531B050C7B00925FA6 /* Interface.storyboard in Resources */ = {isa = PBXBuildFile; fileRef = BFF2D3511B050C7B00925FA6 /* Interface.storyboard */; };
		BFF2D3551B050C7B00925FA6 /* Images.xcassets in Resources */ = {isa = PBXBuildFile; fileRef = BFF2D3541B050C7B00925FA6 /* Images.xcassets */; };
		BFF2D3581B050C7B00925FA6 /* PoopCheck WatchKit Extension.appex in Embed App Extensions */ = {isa = PBXBuildFile; fileRef = BFF2D33B1B050C7B00925FA6 /* PoopCheck WatchKit Extension.appex */; settings = {ATTRIBUTES = (RemoveHeadersOnCopy, ); }; };
/* End PBXBuildFile section */

/* Begin PBXContainerItemProxy section */
		BFAF7FFE1AE8318C007A3468 /* PBXContainerItemProxy */ = {
			isa = PBXContainerItemProxy;
			containerPortal = BFAF7FE01AE8318C007A3468 /* Project object */;
			proxyType = 1;
			remoteGlobalIDString = BFAF7FE71AE8318C007A3468;
			remoteInfo = PoopCheck;
		};
		BFEEE23C1B051CC400A62319 /* PBXContainerItemProxy */ = {
			isa = PBXContainerItemProxy;
			containerPortal = BFAF7FE01AE8318C007A3468 /* Project object */;
			proxyType = 1;
			remoteGlobalIDString = BFAF7FE71AE8318C007A3468;
			remoteInfo = PoopCheck;
		};
		BFF2D34C1B050C7B00925FA6 /* PBXContainerItemProxy */ = {
			isa = PBXContainerItemProxy;
			containerPortal = BFAF7FE01AE8318C007A3468 /* Project object */;
			proxyType = 1;
			remoteGlobalIDString = BFF2D3491B050C7B00925FA6;
			remoteInfo = "PoopCheck WatchKit App";
		};
		BFF2D3561B050C7B00925FA6 /* PBXContainerItemProxy */ = {
			isa = PBXContainerItemProxy;
			containerPortal = BFAF7FE01AE8318C007A3468 /* Project object */;
			proxyType = 1;
			remoteGlobalIDString = BFF2D33A1B050C7B00925FA6;
			remoteInfo = "PoopCheck WatchKit Extension";
		};
/* End PBXContainerItemProxy section */

/* Begin PBXCopyFilesBuildPhase section */
		BFEEE2551B051DF700A62319 /* Embed Frameworks */ = {
			isa = PBXCopyFilesBuildPhase;
			buildActionMask = 2147483647;
			dstPath = "";
			dstSubfolderSpec = 10;
			files = (
			);
			name = "Embed Frameworks";
			runOnlyForDeploymentPostprocessing = 0;
		};
		BFF2D35F1B050C7B00925FA6 /* Embed App Extensions */ = {
			isa = PBXCopyFilesBuildPhase;
			buildActionMask = 2147483647;
			dstPath = "";
			dstSubfolderSpec = 13;
			files = (
				BFF2D3581B050C7B00925FA6 /* PoopCheck WatchKit Extension.appex in Embed App Extensions */,
			);
			name = "Embed App Extensions";
			runOnlyForDeploymentPostprocessing = 0;
		};
/* End PBXCopyFilesBuildPhase section */

/* Begin PBXFileReference section */
		BF18B29F1AF1C2A4008B9ACC /* PinManager.swift */ = {isa = PBXFileReference; fileEncoding = 4; lastKnownFileType = sourcecode.swift; path = PinManager.swift; sourceTree = "<group>"; };
		BF2556821B5319970015670E /* PoopCheck.entitlements */ = {isa = PBXFileReference; lastKnownFileType = text.xml; path = PoopCheck.entitlements; sourceTree = "<group>"; };
		BF2556831B531BC00015670E /* Bolts.framework */ = {isa = PBXFileReference; lastKnownFileType = wrapper.framework; path = Bolts.framework; sourceTree = "<group>"; };
		BF2556841B531BC00015670E /* Parse.framework */ = {isa = PBXFileReference; lastKnownFileType = wrapper.framework; path = Parse.framework; sourceTree = "<group>"; };
		BF2556871B531BF10015670E /* PoopCheck WatchKit Extension.entitlements */ = {isa = PBXFileReference; lastKnownFileType = text.xml; path = "PoopCheck WatchKit Extension.entitlements"; sourceTree = "<group>"; };
		BF2556891B531D430015670E /* StoreKit.framework */ = {isa = PBXFileReference; lastKnownFileType = wrapper.framework; name = StoreKit.framework; path = System/Library/Frameworks/StoreKit.framework; sourceTree = SDKROOT; };
		BF25568B1B531D5E0015670E /* Accounts.framework */ = {isa = PBXFileReference; lastKnownFileType = wrapper.framework; name = Accounts.framework; path = System/Library/Frameworks/Accounts.framework; sourceTree = SDKROOT; };
		BF25568D1B531D650015670E /* Social.framework */ = {isa = PBXFileReference; lastKnownFileType = wrapper.framework; name = Social.framework; path = System/Library/Frameworks/Social.framework; sourceTree = SDKROOT; };
		BF3BB6BC1B0BA70E00C49E99 /* AverageInterfaceController.swift */ = {isa = PBXFileReference; fileEncoding = 4; lastKnownFileType = sourcecode.swift; path = AverageInterfaceController.swift; sourceTree = "<group>"; };
		BF47AD2E1AF94D19002BFDD1 /* GraphView.swift */ = {isa = PBXFileReference; fileEncoding = 4; lastKnownFileType = sourcecode.swift; path = GraphView.swift; sourceTree = "<group>"; };
		BF9BD1B61AFA76280082B724 /* UserDefaultsManager.swift */ = {isa = PBXFileReference; fileEncoding = 4; lastKnownFileType = sourcecode.swift; path = UserDefaultsManager.swift; sourceTree = "<group>"; };
		BF9BD1B81AFA84AF0082B724 /* StatsViewController.swift */ = {isa = PBXFileReference; fileEncoding = 4; lastKnownFileType = sourcecode.swift; path = StatsViewController.swift; sourceTree = "<group>"; };
		BFAF7FE81AE8318C007A3468 /* PoopCheck.app */ = {isa = PBXFileReference; explicitFileType = wrapper.application; includeInIndex = 0; path = PoopCheck.app; sourceTree = BUILT_PRODUCTS_DIR; };
		BFAF7FEC1AE8318C007A3468 /* Info.plist */ = {isa = PBXFileReference; lastKnownFileType = text.plist.xml; path = Info.plist; sourceTree = "<group>"; };
		BFAF7FED1AE8318C007A3468 /* AppDelegate.swift */ = {isa = PBXFileReference; lastKnownFileType = sourcecode.swift; path = AppDelegate.swift; sourceTree = "<group>"; };
		BFAF7FF21AE8318C007A3468 /* Base */ = {isa = PBXFileReference; lastKnownFileType = file.storyboard; name = Base; path = Base.lproj/Main.storyboard; sourceTree = "<group>"; };
		BFAF7FF41AE8318C007A3468 /* Images.xcassets */ = {isa = PBXFileReference; lastKnownFileType = folder.assetcatalog; path = Images.xcassets; sourceTree = "<group>"; };
		BFAF7FF71AE8318C007A3468 /* Base */ = {isa = PBXFileReference; lastKnownFileType = file.xib; name = Base; path = Base.lproj/LaunchScreen.xib; sourceTree = "<group>"; };
		BFAF7FFD1AE8318C007A3468 /* PoopCheckTests.xctest */ = {isa = PBXFileReference; explicitFileType = wrapper.cfbundle; includeInIndex = 0; path = PoopCheckTests.xctest; sourceTree = BUILT_PRODUCTS_DIR; };
		BFAF80021AE8318C007A3468 /* Info.plist */ = {isa = PBXFileReference; lastKnownFileType = text.plist.xml; path = Info.plist; sourceTree = "<group>"; };
		BFAF80031AE8318C007A3468 /* PoopCheckTests.swift */ = {isa = PBXFileReference; lastKnownFileType = sourcecode.swift; path = PoopCheckTests.swift; sourceTree = "<group>"; };
		BFAF801C1AE83544007A3468 /* AudioToolbox.framework */ = {isa = PBXFileReference; lastKnownFileType = wrapper.framework; name = AudioToolbox.framework; path = System/Library/Frameworks/AudioToolbox.framework; sourceTree = SDKROOT; };
		BFAF801D1AE83544007A3468 /* CFNetwork.framework */ = {isa = PBXFileReference; lastKnownFileType = wrapper.framework; name = CFNetwork.framework; path = System/Library/Frameworks/CFNetwork.framework; sourceTree = SDKROOT; };
		BFAF801E1AE83544007A3468 /* CoreGraphics.framework */ = {isa = PBXFileReference; lastKnownFileType = wrapper.framework; name = CoreGraphics.framework; path = System/Library/Frameworks/CoreGraphics.framework; sourceTree = SDKROOT; };
		BFAF801F1AE83544007A3468 /* CoreLocation.framework */ = {isa = PBXFileReference; lastKnownFileType = wrapper.framework; name = CoreLocation.framework; path = System/Library/Frameworks/CoreLocation.framework; sourceTree = SDKROOT; };
		BFAF80201AE83544007A3468 /* libsqlite3.dylib */ = {isa = PBXFileReference; lastKnownFileType = "compiled.mach-o.dylib"; name = libsqlite3.dylib; path = usr/lib/libsqlite3.dylib; sourceTree = SDKROOT; };
		BFAF80211AE83544007A3468 /* libz.dylib */ = {isa = PBXFileReference; lastKnownFileType = "compiled.mach-o.dylib"; name = libz.dylib; path = usr/lib/libz.dylib; sourceTree = SDKROOT; };
		BFAF80221AE83544007A3468 /* MobileCoreServices.framework */ = {isa = PBXFileReference; lastKnownFileType = wrapper.framework; name = MobileCoreServices.framework; path = System/Library/Frameworks/MobileCoreServices.framework; sourceTree = SDKROOT; };
		BFAF80231AE83544007A3468 /* QuartzCore.framework */ = {isa = PBXFileReference; lastKnownFileType = wrapper.framework; name = QuartzCore.framework; path = System/Library/Frameworks/QuartzCore.framework; sourceTree = SDKROOT; };
		BFAF80241AE83544007A3468 /* Security.framework */ = {isa = PBXFileReference; lastKnownFileType = wrapper.framework; name = Security.framework; path = System/Library/Frameworks/Security.framework; sourceTree = SDKROOT; };
		BFAF80261AE83544007A3468 /* SystemConfiguration.framework */ = {isa = PBXFileReference; lastKnownFileType = wrapper.framework; name = SystemConfiguration.framework; path = System/Library/Frameworks/SystemConfiguration.framework; sourceTree = SDKROOT; };
		BFAF80351AE86562007A3468 /* UserManager.swift */ = {isa = PBXFileReference; fileEncoding = 4; lastKnownFileType = sourcecode.swift; path = UserManager.swift; sourceTree = "<group>"; };
		BFAF80371AE86573007A3468 /* PoopManager.swift */ = {isa = PBXFileReference; fileEncoding = 4; lastKnownFileType = sourcecode.swift; path = PoopManager.swift; sourceTree = "<group>"; };
		BFAF803B1AE87722007A3468 /* CheckInViewController.swift */ = {isa = PBXFileReference; fileEncoding = 4; lastKnownFileType = sourcecode.swift; path = CheckInViewController.swift; sourceTree = "<group>"; };
		BFEEE2381B051CC400A62319 /* poopCheckWatchKitTests.xctest */ = {isa = PBXFileReference; explicitFileType = wrapper.cfbundle; includeInIndex = 0; path = poopCheckWatchKitTests.xctest; sourceTree = BUILT_PRODUCTS_DIR; };
		BFEEE2401B051CC400A62319 /* Info.plist */ = {isa = PBXFileReference; lastKnownFileType = text.plist.xml; path = Info.plist; sourceTree = "<group>"; };
		BFEEE2411B051CC400A62319 /* poopCheckWatchKitTests.swift */ = {isa = PBXFileReference; lastKnownFileType = sourcecode.swift; path = poopCheckWatchKitTests.swift; sourceTree = "<group>"; };
		BFEEE24F1B051D7200A62319 /* WatchKit.framework */ = {isa = PBXFileReference; lastKnownFileType = wrapper.framework; name = WatchKit.framework; path = System/Library/Frameworks/WatchKit.framework; sourceTree = SDKROOT; };
		BFF2D33B1B050C7B00925FA6 /* PoopCheck WatchKit Extension.appex */ = {isa = PBXFileReference; explicitFileType = "wrapper.app-extension"; includeInIndex = 0; path = "PoopCheck WatchKit Extension.appex"; sourceTree = BUILT_PRODUCTS_DIR; };
		BFF2D33E1B050C7B00925FA6 /* Info.plist */ = {isa = PBXFileReference; lastKnownFileType = text.plist.xml; path = Info.plist; sourceTree = "<group>"; };
		BFF2D33F1B050C7B00925FA6 /* PushNotificationPayload.apns */ = {isa = PBXFileReference; lastKnownFileType = text; path = PushNotificationPayload.apns; sourceTree = "<group>"; };
		BFF2D3401B050C7B00925FA6 /* InterfaceController.swift */ = {isa = PBXFileReference; lastKnownFileType = sourcecode.swift; path = InterfaceController.swift; sourceTree = "<group>"; };
		BFF2D3421B050C7B00925FA6 /* NotificationController.swift */ = {isa = PBXFileReference; lastKnownFileType = sourcecode.swift; path = NotificationController.swift; sourceTree = "<group>"; };
		BFF2D3441B050C7B00925FA6 /* GlanceController.swift */ = {isa = PBXFileReference; lastKnownFileType = sourcecode.swift; path = GlanceController.swift; sourceTree = "<group>"; };
		BFF2D3461B050C7B00925FA6 /* Images.xcassets */ = {isa = PBXFileReference; lastKnownFileType = folder.assetcatalog; path = Images.xcassets; sourceTree = "<group>"; };
		BFF2D34A1B050C7B00925FA6 /* PoopCheck WatchKit App.app */ = {isa = PBXFileReference; explicitFileType = wrapper.application; includeInIndex = 0; path = "PoopCheck WatchKit App.app"; sourceTree = BUILT_PRODUCTS_DIR; };
		BFF2D3501B050C7B00925FA6 /* Info.plist */ = {isa = PBXFileReference; lastKnownFileType = text.plist.xml; path = Info.plist; sourceTree = "<group>"; };
		BFF2D3521B050C7B00925FA6 /* Base */ = {isa = PBXFileReference; lastKnownFileType = file.storyboard; name = Base; path = Base.lproj/Interface.storyboard; sourceTree = "<group>"; };
		BFF2D3541B050C7B00925FA6 /* Images.xcassets */ = {isa = PBXFileReference; lastKnownFileType = folder.assetcatalog; path = Images.xcassets; sourceTree = "<group>"; };
/* End PBXFileReference section */

/* Begin PBXFrameworksBuildPhase section */
		BFAF7FE51AE8318C007A3468 /* Frameworks */ = {
			isa = PBXFrameworksBuildPhase;
			buildActionMask = 2147483647;
			files = (
				BF2556A41B531EE20015670E /* libsqlite3.dylib in Frameworks */,
				BF2556A31B531EDC0015670E /* libz.dylib in Frameworks */,
				BF2556A21B531ED40015670E /* SystemConfiguration.framework in Frameworks */,
				BF2556A11B531EC00015670E /* StoreKit.framework in Frameworks */,
				BF2556A01B531EB50015670E /* Security.framework in Frameworks */,
				BF25569F1B531EAF0015670E /* QuartzCore.framework in Frameworks */,
				BF25569E1B531EA70015670E /* MobileCoreServices.framework in Frameworks */,
				BF2556A61B531EF80015670E /* Bolts.framework in Frameworks */,
				BF25569D1B531EA10015670E /* CoreLocation.framework in Frameworks */,
				BF2556911B531E410015670E /* CoreGraphics.framework in Frameworks */,
				BF2556901B531E350015670E /* CFNetwork.framework in Frameworks */,
				BF2556A51B531EF50015670E /* Parse.framework in Frameworks */,
				BF25568F1B531E2E0015670E /* AudioToolbox.framework in Frameworks */,
			);
			runOnlyForDeploymentPostprocessing = 0;
		};
		BFAF7FFA1AE8318C007A3468 /* Frameworks */ = {
			isa = PBXFrameworksBuildPhase;
			buildActionMask = 2147483647;
			files = (
			);
			runOnlyForDeploymentPostprocessing = 0;
		};
		BFEEE2351B051CC400A62319 /* Frameworks */ = {
			isa = PBXFrameworksBuildPhase;
			buildActionMask = 2147483647;
			files = (
			);
			runOnlyForDeploymentPostprocessing = 0;
		};
		BFF2D3381B050C7B00925FA6 /* Frameworks */ = {
			isa = PBXFrameworksBuildPhase;
			buildActionMask = 2147483647;
			files = (
				BF25569C1B531E910015670E /* libsqlite3.dylib in Frameworks */,
				BF25569B1B531E8A0015670E /* libz.dylib in Frameworks */,
				BF25569A1B531E840015670E /* SystemConfiguration.framework in Frameworks */,
				BF2556991B531E7C0015670E /* StoreKit.framework in Frameworks */,
				BF2556981B531E760015670E /* Security.framework in Frameworks */,
				BF2556971B531E6F0015670E /* QuartzCore.framework in Frameworks */,
				BF2556961B531E680015670E /* MobileCoreServices.framework in Frameworks */,
				BF2556951B531E600015670E /* CoreLocation.framework in Frameworks */,
				BF2556941B531E580015670E /* AudioToolbox.framework in Frameworks */,
				BF2556931B531E4F0015670E /* CFNetwork.framework in Frameworks */,
				BF2556921B531E480015670E /* CoreGraphics.framework in Frameworks */,
				BF2556881B531C330015670E /* Parse.framework in Frameworks */,
				BFEEE2501B051D7200A62319 /* WatchKit.framework in Frameworks */,
				BF2556A71B531EF90015670E /* Bolts.framework in Frameworks */,
			);
			runOnlyForDeploymentPostprocessing = 0;
		};
/* End PBXFrameworksBuildPhase section */

/* Begin PBXGroup section */
		BFAF7FDF1AE8318C007A3468 = {
			isa = PBXGroup;
			children = (
				BFAF7FEA1AE8318C007A3468 /* PoopCheck */,
				BFAF80001AE8318C007A3468 /* PoopCheckTests */,
				BFF2D33C1B050C7B00925FA6 /* PoopCheck WatchKit Extension */,
				BFF2D34E1B050C7B00925FA6 /* PoopCheck WatchKit App */,
				BFEEE23E1B051CC400A62319 /* poopCheckWatchKitTests */,
				BFAF7FE91AE8318C007A3468 /* Products */,
				BFAF800F1AE8344F007A3468 /* Frameworks */,
			);
			sourceTree = "<group>";
		};
		BFAF7FE91AE8318C007A3468 /* Products */ = {
			isa = PBXGroup;
			children = (
				BFAF7FE81AE8318C007A3468 /* PoopCheck.app */,
				BFAF7FFD1AE8318C007A3468 /* PoopCheckTests.xctest */,
				BFF2D33B1B050C7B00925FA6 /* PoopCheck WatchKit Extension.appex */,
				BFF2D34A1B050C7B00925FA6 /* PoopCheck WatchKit App.app */,
				BFEEE2381B051CC400A62319 /* poopCheckWatchKitTests.xctest */,
			);
			name = Products;
			sourceTree = "<group>";
		};
		BFAF7FEA1AE8318C007A3468 /* PoopCheck */ = {
			isa = PBXGroup;
			children = (
				BF2556821B5319970015670E /* PoopCheck.entitlements */,
				BFAF7FF41AE8318C007A3468 /* Images.xcassets */,
				BFAF7FED1AE8318C007A3468 /* AppDelegate.swift */,
				BFAF80341AE86502007A3468 /* Model */,
				BFAF80331AE864FD007A3468 /* View */,
				BFAF80321AE864F4007A3468 /* Controller */,
				BFAF7FEB1AE8318C007A3468 /* Supporting Files */,
			);
			path = PoopCheck;
			sourceTree = "<group>";
		};
		BFAF7FEB1AE8318C007A3468 /* Supporting Files */ = {
			isa = PBXGroup;
			children = (
				BFAF7FEC1AE8318C007A3468 /* Info.plist */,
			);
			name = "Supporting Files";
			sourceTree = "<group>";
		};
		BFAF80001AE8318C007A3468 /* PoopCheckTests */ = {
			isa = PBXGroup;
			children = (
				BFAF80031AE8318C007A3468 /* PoopCheckTests.swift */,
				BFAF80011AE8318C007A3468 /* Supporting Files */,
			);
			path = PoopCheckTests;
			sourceTree = "<group>";
		};
		BFAF80011AE8318C007A3468 /* Supporting Files */ = {
			isa = PBXGroup;
			children = (
				BFAF80021AE8318C007A3468 /* Info.plist */,
			);
			name = "Supporting Files";
			sourceTree = "<group>";
		};
		BFAF800F1AE8344F007A3468 /* Frameworks */ = {
			isa = PBXGroup;
			children = (
				BF25568D1B531D650015670E /* Social.framework */,
				BF25568B1B531D5E0015670E /* Accounts.framework */,
				BF2556891B531D430015670E /* StoreKit.framework */,
				BF2556831B531BC00015670E /* Bolts.framework */,
				BF2556841B531BC00015670E /* Parse.framework */,
				BFEEE24F1B051D7200A62319 /* WatchKit.framework */,
				BFAF801C1AE83544007A3468 /* AudioToolbox.framework */,
				BFAF801D1AE83544007A3468 /* CFNetwork.framework */,
				BFAF801E1AE83544007A3468 /* CoreGraphics.framework */,
				BFAF801F1AE83544007A3468 /* CoreLocation.framework */,
				BFAF80201AE83544007A3468 /* libsqlite3.dylib */,
				BFAF80211AE83544007A3468 /* libz.dylib */,
				BFAF80221AE83544007A3468 /* MobileCoreServices.framework */,
				BFAF80231AE83544007A3468 /* QuartzCore.framework */,
				BFAF80241AE83544007A3468 /* Security.framework */,
				BFAF80261AE83544007A3468 /* SystemConfiguration.framework */,
			);
			name = Frameworks;
			sourceTree = "<group>";
		};
		BFAF80321AE864F4007A3468 /* Controller */ = {
			isa = PBXGroup;
			children = (
				BFAF803B1AE87722007A3468 /* CheckInViewController.swift */,
				BF9BD1B81AFA84AF0082B724 /* StatsViewController.swift */,
				BF47AD2E1AF94D19002BFDD1 /* GraphView.swift */,
			);
			name = Controller;
			sourceTree = "<group>";
		};
		BFAF80331AE864FD007A3468 /* View */ = {
			isa = PBXGroup;
			children = (
				BFAF7FF61AE8318C007A3468 /* LaunchScreen.xib */,
				BFAF7FF11AE8318C007A3468 /* Main.storyboard */,
			);
			name = View;
			sourceTree = "<group>";
		};
		BFAF80341AE86502007A3468 /* Model */ = {
			isa = PBXGroup;
			children = (
				BFAF80351AE86562007A3468 /* UserManager.swift */,
				BF18B29F1AF1C2A4008B9ACC /* PinManager.swift */,
				BF9BD1B61AFA76280082B724 /* UserDefaultsManager.swift */,
				BFAF80371AE86573007A3468 /* PoopManager.swift */,
			);
			name = Model;
			sourceTree = "<group>";
		};
		BFEEE23E1B051CC400A62319 /* poopCheckWatchKitTests */ = {
			isa = PBXGroup;
			children = (
				BFEEE2411B051CC400A62319 /* poopCheckWatchKitTests.swift */,
				BFEEE23F1B051CC400A62319 /* Supporting Files */,
			);
			path = poopCheckWatchKitTests;
			sourceTree = "<group>";
		};
		BFEEE23F1B051CC400A62319 /* Supporting Files */ = {
			isa = PBXGroup;
			children = (
				BFEEE2401B051CC400A62319 /* Info.plist */,
			);
			name = "Supporting Files";
			sourceTree = "<group>";
		};
		BFF2D33C1B050C7B00925FA6 /* PoopCheck WatchKit Extension */ = {
			isa = PBXGroup;
			children = (
				BF2556871B531BF10015670E /* PoopCheck WatchKit Extension.entitlements */,
				BFF2D3401B050C7B00925FA6 /* InterfaceController.swift */,
				BF3BB6BC1B0BA70E00C49E99 /* AverageInterfaceController.swift */,
				BFF2D3421B050C7B00925FA6 /* NotificationController.swift */,
				BFF2D3441B050C7B00925FA6 /* GlanceController.swift */,
				BFF2D3461B050C7B00925FA6 /* Images.xcassets */,
				BFF2D33D1B050C7B00925FA6 /* Supporting Files */,
			);
			path = "PoopCheck WatchKit Extension";
			sourceTree = "<group>";
		};
		BFF2D33D1B050C7B00925FA6 /* Supporting Files */ = {
			isa = PBXGroup;
			children = (
				BFF2D33E1B050C7B00925FA6 /* Info.plist */,
				BFF2D33F1B050C7B00925FA6 /* PushNotificationPayload.apns */,
			);
			name = "Supporting Files";
			sourceTree = "<group>";
		};
		BFF2D34E1B050C7B00925FA6 /* PoopCheck WatchKit App */ = {
			isa = PBXGroup;
			children = (
				BFF2D3511B050C7B00925FA6 /* Interface.storyboard */,
				BFF2D3541B050C7B00925FA6 /* Images.xcassets */,
				BFF2D34F1B050C7B00925FA6 /* Supporting Files */,
			);
			path = "PoopCheck WatchKit App";
			sourceTree = "<group>";
		};
		BFF2D34F1B050C7B00925FA6 /* Supporting Files */ = {
			isa = PBXGroup;
			children = (
				BFF2D3501B050C7B00925FA6 /* Info.plist */,
			);
			name = "Supporting Files";
			sourceTree = "<group>";
		};
/* End PBXGroup section */

/* Begin PBXNativeTarget section */
		BFAF7FE71AE8318C007A3468 /* PoopCheck */ = {
			isa = PBXNativeTarget;
			buildConfigurationList = BFAF80071AE8318C007A3468 /* Build configuration list for PBXNativeTarget "PoopCheck" */;
			buildPhases = (
				BFAF7FE41AE8318C007A3468 /* Sources */,
				BFAF7FE51AE8318C007A3468 /* Frameworks */,
				BFAF7FE61AE8318C007A3468 /* Resources */,
				BFF2D35F1B050C7B00925FA6 /* Embed App Extensions */,
				BFEEE2551B051DF700A62319 /* Embed Frameworks */,
			);
			buildRules = (
			);
			dependencies = (
				BFF2D3571B050C7B00925FA6 /* PBXTargetDependency */,
			);
			name = PoopCheck;
			productName = PoopCheck;
			productReference = BFAF7FE81AE8318C007A3468 /* PoopCheck.app */;
			productType = "com.apple.product-type.application";
		};
		BFAF7FFC1AE8318C007A3468 /* PoopCheckTests */ = {
			isa = PBXNativeTarget;
			buildConfigurationList = BFAF800A1AE8318C007A3468 /* Build configuration list for PBXNativeTarget "PoopCheckTests" */;
			buildPhases = (
				BFAF7FF91AE8318C007A3468 /* Sources */,
				BFAF7FFA1AE8318C007A3468 /* Frameworks */,
				BFAF7FFB1AE8318C007A3468 /* Resources */,
			);
			buildRules = (
			);
			dependencies = (
				BFAF7FFF1AE8318C007A3468 /* PBXTargetDependency */,
			);
			name = PoopCheckTests;
			productName = PoopCheckTests;
			productReference = BFAF7FFD1AE8318C007A3468 /* PoopCheckTests.xctest */;
			productType = "com.apple.product-type.bundle.unit-test";
		};
		BFEEE2371B051CC400A62319 /* poopCheckWatchKitTests */ = {
			isa = PBXNativeTarget;
			buildConfigurationList = BFEEE24D1B051CC400A62319 /* Build configuration list for PBXNativeTarget "poopCheckWatchKitTests" */;
			buildPhases = (
				BFEEE2341B051CC400A62319 /* Sources */,
				BFEEE2351B051CC400A62319 /* Frameworks */,
				BFEEE2361B051CC400A62319 /* Resources */,
			);
			buildRules = (
			);
			dependencies = (
				BFEEE23D1B051CC400A62319 /* PBXTargetDependency */,
			);
			name = poopCheckWatchKitTests;
			productName = poopCheckWatchKitTests;
			productReference = BFEEE2381B051CC400A62319 /* poopCheckWatchKitTests.xctest */;
			productType = "com.apple.product-type.bundle.unit-test";
		};
		BFF2D33A1B050C7B00925FA6 /* PoopCheck WatchKit Extension */ = {
			isa = PBXNativeTarget;
			buildConfigurationList = BFF2D35E1B050C7B00925FA6 /* Build configuration list for PBXNativeTarget "PoopCheck WatchKit Extension" */;
			buildPhases = (
				BFF2D3371B050C7B00925FA6 /* Sources */,
				BFF2D3381B050C7B00925FA6 /* Frameworks */,
				BFF2D3391B050C7B00925FA6 /* Resources */,
			);
			buildRules = (
			);
			dependencies = (
				BFF2D34D1B050C7B00925FA6 /* PBXTargetDependency */,
			);
			name = "PoopCheck WatchKit Extension";
			productName = "PoopCheck WatchKit Extension";
			productReference = BFF2D33B1B050C7B00925FA6 /* PoopCheck WatchKit Extension.appex */;
			productType = "com.apple.product-type.watchkit-extension";
		};
		BFF2D3491B050C7B00925FA6 /* PoopCheck WatchKit App */ = {
			isa = PBXNativeTarget;
			buildConfigurationList = BFF2D35D1B050C7B00925FA6 /* Build configuration list for PBXNativeTarget "PoopCheck WatchKit App" */;
			buildPhases = (
				BFF2D3481B050C7B00925FA6 /* Resources */,
			);
			buildRules = (
			);
			dependencies = (
			);
			name = "PoopCheck WatchKit App";
			productName = "PoopCheck WatchKit App";
			productReference = BFF2D34A1B050C7B00925FA6 /* PoopCheck WatchKit App.app */;
			productType = "com.apple.product-type.application.watchapp";
		};
/* End PBXNativeTarget section */

/* Begin PBXProject section */
		BFAF7FE01AE8318C007A3468 /* Project object */ = {
			isa = PBXProject;
			attributes = {
				LastUpgradeCheck = 0630;
				ORGANIZATIONNAME = BEPiD;
				TargetAttributes = {
					BFAF7FE71AE8318C007A3468 = {
						CreatedOnToolsVersion = 6.3;
						DevelopmentTeam = 4NRYRR94WS;
						SystemCapabilities = {
							com.apple.ApplicationGroups.iOS = {
								enabled = 1;
							};
							com.apple.BackgroundModes = {
								enabled = 1;
							};
							com.apple.InAppPurchase = {
								enabled = 0;
							};
							com.apple.Keychain = {
								enabled = 1;
							};
						};
					};
					BFAF7FFC1AE8318C007A3468 = {
						CreatedOnToolsVersion = 6.3;
						TestTargetID = BFAF7FE71AE8318C007A3468;
					};
					BFEEE2371B051CC400A62319 = {
						CreatedOnToolsVersion = 6.3.1;
						TestTargetID = BFAF7FE71AE8318C007A3468;
					};
					BFF2D33A1B050C7B00925FA6 = {
						CreatedOnToolsVersion = 6.3.1;
						DevelopmentTeam = 4NRYRR94WS;
						SystemCapabilities = {
							com.apple.ApplicationGroups.iOS = {
								enabled = 1;
							};
							com.apple.Keychain = {
								enabled = 1;
							};
						};
					};
					BFF2D3491B050C7B00925FA6 = {
						CreatedOnToolsVersion = 6.3.1;
						DevelopmentTeam = 4NRYRR94WS;
					};
				};
			};
			buildConfigurationList = BFAF7FE31AE8318C007A3468 /* Build configuration list for PBXProject "PoopCheck" */;
			compatibilityVersion = "Xcode 3.2";
			developmentRegion = English;
			hasScannedForEncodings = 0;
			knownRegions = (
				en,
				Base,
			);
			mainGroup = BFAF7FDF1AE8318C007A3468;
			productRefGroup = BFAF7FE91AE8318C007A3468 /* Products */;
			projectDirPath = "";
			projectRoot = "";
			targets = (
				BFAF7FE71AE8318C007A3468 /* PoopCheck */,
				BFAF7FFC1AE8318C007A3468 /* PoopCheckTests */,
				BFF2D33A1B050C7B00925FA6 /* PoopCheck WatchKit Extension */,
				BFF2D3491B050C7B00925FA6 /* PoopCheck WatchKit App */,
				BFEEE2371B051CC400A62319 /* poopCheckWatchKitTests */,
			);
		};
/* End PBXProject section */

/* Begin PBXResourcesBuildPhase section */
		BFAF7FE61AE8318C007A3468 /* Resources */ = {
			isa = PBXResourcesBuildPhase;
			buildActionMask = 2147483647;
			files = (
				BFAF7FF31AE8318C007A3468 /* Main.storyboard in Resources */,
				BFAF7FF81AE8318C007A3468 /* LaunchScreen.xib in Resources */,
				BFAF7FF51AE8318C007A3468 /* Images.xcassets in Resources */,
			);
			runOnlyForDeploymentPostprocessing = 0;
		};
		BFAF7FFB1AE8318C007A3468 /* Resources */ = {
			isa = PBXResourcesBuildPhase;
			buildActionMask = 2147483647;
			files = (
			);
			runOnlyForDeploymentPostprocessing = 0;
		};
		BFEEE2361B051CC400A62319 /* Resources */ = {
			isa = PBXResourcesBuildPhase;
			buildActionMask = 2147483647;
			files = (
			);
			runOnlyForDeploymentPostprocessing = 0;
		};
		BFF2D3391B050C7B00925FA6 /* Resources */ = {
			isa = PBXResourcesBuildPhase;
			buildActionMask = 2147483647;
			files = (
				BFF2D3471B050C7B00925FA6 /* Images.xcassets in Resources */,
				BFF2D34B1B050C7B00925FA6 /* PoopCheck WatchKit App.app in Resources */,
			);
			runOnlyForDeploymentPostprocessing = 0;
		};
		BFF2D3481B050C7B00925FA6 /* Resources */ = {
			isa = PBXResourcesBuildPhase;
			buildActionMask = 2147483647;
			files = (
				BFF2D3531B050C7B00925FA6 /* Interface.storyboard in Resources */,
				BFF2D3551B050C7B00925FA6 /* Images.xcassets in Resources */,
			);
			runOnlyForDeploymentPostprocessing = 0;
		};
/* End PBXResourcesBuildPhase section */

/* Begin PBXSourcesBuildPhase section */
		BFAF7FE41AE8318C007A3468 /* Sources */ = {
			isa = PBXSourcesBuildPhase;
			buildActionMask = 2147483647;
			files = (
				BFAF80361AE86562007A3468 /* UserManager.swift in Sources */,
				BF18B2A01AF1C2A4008B9ACC /* PinManager.swift in Sources */,
				BF9BD1B71AFA76280082B724 /* UserDefaultsManager.swift in Sources */,
				BF47AD2F1AF94D19002BFDD1 /* GraphView.swift in Sources */,
				BFAF803C1AE87722007A3468 /* CheckInViewController.swift in Sources */,
				BFAF7FEE1AE8318C007A3468 /* AppDelegate.swift in Sources */,
				BFEEE25B1B0A0FC200A62319 /* PoopManager.swift in Sources */,
				BF9BD1B91AFA84AF0082B724 /* StatsViewController.swift in Sources */,
			);
			runOnlyForDeploymentPostprocessing = 0;
		};
		BFAF7FF91AE8318C007A3468 /* Sources */ = {
			isa = PBXSourcesBuildPhase;
			buildActionMask = 2147483647;
			files = (
				BFAF80041AE8318C007A3468 /* PoopCheckTests.swift in Sources */,
			);
			runOnlyForDeploymentPostprocessing = 0;
		};
		BFEEE2341B051CC400A62319 /* Sources */ = {
			isa = PBXSourcesBuildPhase;
			buildActionMask = 2147483647;
			files = (
				BFEEE2421B051CC400A62319 /* poopCheckWatchKitTests.swift in Sources */,
			);
			runOnlyForDeploymentPostprocessing = 0;
		};
		BFF2D3371B050C7B00925FA6 /* Sources */ = {
			isa = PBXSourcesBuildPhase;
			buildActionMask = 2147483647;
			files = (
				BFF2D3431B050C7B00925FA6 /* NotificationController.swift in Sources */,
				BF3EA6AB1B5324B0004C5ACC /* PoopManager.swift in Sources */,
				BF3EA6AC1B5324F9004C5ACC /* UserDefaultsManager.swift in Sources */,
				BFF2D3411B050C7B00925FA6 /* InterfaceController.swift in Sources */,
				BF3BB6BD1B0BA70E00C49E99 /* AverageInterfaceController.swift in Sources */,
				BFF2D3451B050C7B00925FA6 /* GlanceController.swift in Sources */,
			);
			runOnlyForDeploymentPostprocessing = 0;
		};
/* End PBXSourcesBuildPhase section */

/* Begin PBXTargetDependency section */
		BFAF7FFF1AE8318C007A3468 /* PBXTargetDependency */ = {
			isa = PBXTargetDependency;
			target = BFAF7FE71AE8318C007A3468 /* PoopCheck */;
			targetProxy = BFAF7FFE1AE8318C007A3468 /* PBXContainerItemProxy */;
		};
		BFEEE23D1B051CC400A62319 /* PBXTargetDependency */ = {
			isa = PBXTargetDependency;
			target = BFAF7FE71AE8318C007A3468 /* PoopCheck */;
			targetProxy = BFEEE23C1B051CC400A62319 /* PBXContainerItemProxy */;
		};
		BFF2D34D1B050C7B00925FA6 /* PBXTargetDependency */ = {
			isa = PBXTargetDependency;
			target = BFF2D3491B050C7B00925FA6 /* PoopCheck WatchKit App */;
			targetProxy = BFF2D34C1B050C7B00925FA6 /* PBXContainerItemProxy */;
		};
		BFF2D3571B050C7B00925FA6 /* PBXTargetDependency */ = {
			isa = PBXTargetDependency;
			target = BFF2D33A1B050C7B00925FA6 /* PoopCheck WatchKit Extension */;
			targetProxy = BFF2D3561B050C7B00925FA6 /* PBXContainerItemProxy */;
		};
/* End PBXTargetDependency section */

/* Begin PBXVariantGroup section */
		BFAF7FF11AE8318C007A3468 /* Main.storyboard */ = {
			isa = PBXVariantGroup;
			children = (
				BFAF7FF21AE8318C007A3468 /* Base */,
			);
			name = Main.storyboard;
			sourceTree = "<group>";
		};
		BFAF7FF61AE8318C007A3468 /* LaunchScreen.xib */ = {
			isa = PBXVariantGroup;
			children = (
				BFAF7FF71AE8318C007A3468 /* Base */,
			);
			name = LaunchScreen.xib;
			sourceTree = "<group>";
		};
		BFF2D3511B050C7B00925FA6 /* Interface.storyboard */ = {
			isa = PBXVariantGroup;
			children = (
				BFF2D3521B050C7B00925FA6 /* Base */,
			);
			name = Interface.storyboard;
			sourceTree = "<group>";
		};
/* End PBXVariantGroup section */

/* Begin XCBuildConfiguration section */
		BFAF80051AE8318C007A3468 /* Debug */ = {
			isa = XCBuildConfiguration;
			buildSettings = {
				ALWAYS_SEARCH_USER_PATHS = NO;
				CLANG_CXX_LANGUAGE_STANDARD = "gnu++0x";
				CLANG_CXX_LIBRARY = "libc++";
				CLANG_ENABLE_MODULES = YES;
				CLANG_ENABLE_OBJC_ARC = YES;
				CLANG_WARN_BOOL_CONVERSION = YES;
				CLANG_WARN_CONSTANT_CONVERSION = YES;
				CLANG_WARN_DIRECT_OBJC_ISA_USAGE = YES_ERROR;
				CLANG_WARN_EMPTY_BODY = YES;
				CLANG_WARN_ENUM_CONVERSION = YES;
				CLANG_WARN_INT_CONVERSION = YES;
				CLANG_WARN_OBJC_ROOT_CLASS = YES_ERROR;
				CLANG_WARN_UNREACHABLE_CODE = YES;
				CLANG_WARN__DUPLICATE_METHOD_MATCH = YES;
				"CODE_SIGN_IDENTITY[sdk=iphoneos*]" = "iPhone Developer";
				COPY_PHASE_STRIP = NO;
				DEBUG_INFORMATION_FORMAT = "dwarf-with-dsym";
				ENABLE_STRICT_OBJC_MSGSEND = YES;
				GCC_C_LANGUAGE_STANDARD = gnu99;
				GCC_DYNAMIC_NO_PIC = NO;
				GCC_NO_COMMON_BLOCKS = YES;
				GCC_OPTIMIZATION_LEVEL = 0;
				GCC_PREPROCESSOR_DEFINITIONS = (
					"DEBUG=1",
					"$(inherited)",
				);
				GCC_SYMBOLS_PRIVATE_EXTERN = NO;
				GCC_WARN_64_TO_32_BIT_CONVERSION = YES;
				GCC_WARN_ABOUT_RETURN_TYPE = YES_ERROR;
				GCC_WARN_UNDECLARED_SELECTOR = YES;
				GCC_WARN_UNINITIALIZED_AUTOS = YES_AGGRESSIVE;
				GCC_WARN_UNUSED_FUNCTION = YES;
				GCC_WARN_UNUSED_VARIABLE = YES;
				IPHONEOS_DEPLOYMENT_TARGET = 8.3;
				MTL_ENABLE_DEBUG_INFO = YES;
				ONLY_ACTIVE_ARCH = YES;
				SDKROOT = iphoneos;
				SWIFT_OPTIMIZATION_LEVEL = "-Onone";
				TARGETED_DEVICE_FAMILY = "1,2";
			};
			name = Debug;
		};
		BFAF80061AE8318C007A3468 /* Release */ = {
			isa = XCBuildConfiguration;
			buildSettings = {
				ALWAYS_SEARCH_USER_PATHS = NO;
				CLANG_CXX_LANGUAGE_STANDARD = "gnu++0x";
				CLANG_CXX_LIBRARY = "libc++";
				CLANG_ENABLE_MODULES = YES;
				CLANG_ENABLE_OBJC_ARC = YES;
				CLANG_WARN_BOOL_CONVERSION = YES;
				CLANG_WARN_CONSTANT_CONVERSION = YES;
				CLANG_WARN_DIRECT_OBJC_ISA_USAGE = YES_ERROR;
				CLANG_WARN_EMPTY_BODY = YES;
				CLANG_WARN_ENUM_CONVERSION = YES;
				CLANG_WARN_INT_CONVERSION = YES;
				CLANG_WARN_OBJC_ROOT_CLASS = YES_ERROR;
				CLANG_WARN_UNREACHABLE_CODE = YES;
				CLANG_WARN__DUPLICATE_METHOD_MATCH = YES;
				"CODE_SIGN_IDENTITY[sdk=iphoneos*]" = "iPhone Developer";
				COPY_PHASE_STRIP = NO;
				DEBUG_INFORMATION_FORMAT = "dwarf-with-dsym";
				ENABLE_NS_ASSERTIONS = NO;
				ENABLE_STRICT_OBJC_MSGSEND = YES;
				GCC_C_LANGUAGE_STANDARD = gnu99;
				GCC_NO_COMMON_BLOCKS = YES;
				GCC_WARN_64_TO_32_BIT_CONVERSION = YES;
				GCC_WARN_ABOUT_RETURN_TYPE = YES_ERROR;
				GCC_WARN_UNDECLARED_SELECTOR = YES;
				GCC_WARN_UNINITIALIZED_AUTOS = YES_AGGRESSIVE;
				GCC_WARN_UNUSED_FUNCTION = YES;
				GCC_WARN_UNUSED_VARIABLE = YES;
				IPHONEOS_DEPLOYMENT_TARGET = 8.3;
				MTL_ENABLE_DEBUG_INFO = NO;
				SDKROOT = iphoneos;
				TARGETED_DEVICE_FAMILY = "1,2";
				VALIDATE_PRODUCT = YES;
			};
			name = Release;
		};
		BFAF80081AE8318C007A3468 /* Debug */ = {
			isa = XCBuildConfiguration;
			buildSettings = {
				ASSETCATALOG_COMPILER_APPICON_NAME = AppIcon;
				CODE_SIGN_ENTITLEMENTS = PoopCheck/PoopCheck.entitlements;
				CODE_SIGN_IDENTITY = "iPhone Developer";
				"CODE_SIGN_IDENTITY[sdk=iphoneos*]" = "iPhone Developer";
				FRAMEWORK_SEARCH_PATHS = (
					"$(inherited)",
					"$(PROJECT_DIR)",
					/Users/matheusfrozzi/Documents/FacebookSDK,
				);
				INFOPLIST_FILE = PoopCheck/Info.plist;
				IPHONEOS_DEPLOYMENT_TARGET = 8.2;
				LD_RUNPATH_SEARCH_PATHS = "$(inherited) @executable_path/Frameworks";
				PRODUCT_NAME = "$(TARGET_NAME)";
				PROVISIONING_PROFILE = "8ac859e3-efee-4203-9e29-e02a5b44e5ca";
				SWIFT_INSTALL_OBJC_HEADER = NO;
				SWIFT_OBJC_BRIDGING_HEADER = "";
				TARGETED_DEVICE_FAMILY = 1;
			};
			name = Debug;
		};
		BFAF80091AE8318C007A3468 /* Release */ = {
			isa = XCBuildConfiguration;
			buildSettings = {
				ASSETCATALOG_COMPILER_APPICON_NAME = AppIcon;
				CODE_SIGN_ENTITLEMENTS = PoopCheck/PoopCheck.entitlements;
				CODE_SIGN_IDENTITY = "iPhone Developer";
				"CODE_SIGN_IDENTITY[sdk=iphoneos*]" = "iPhone Developer";
				FRAMEWORK_SEARCH_PATHS = (
					"$(inherited)",
					"$(PROJECT_DIR)",
					/Users/matheusfrozzi/Documents/FacebookSDK,
				);
				INFOPLIST_FILE = PoopCheck/Info.plist;
				IPHONEOS_DEPLOYMENT_TARGET = 8.2;
				LD_RUNPATH_SEARCH_PATHS = "$(inherited) @executable_path/Frameworks";
				PRODUCT_NAME = "$(TARGET_NAME)";
				PROVISIONING_PROFILE = "0ddbcebc-43e9-401c-b91c-b06bc6516674";
				SWIFT_INSTALL_OBJC_HEADER = NO;
				SWIFT_OBJC_BRIDGING_HEADER = "";
				TARGETED_DEVICE_FAMILY = 1;
			};
			name = Release;
		};
		BFAF800B1AE8318C007A3468 /* Debug */ = {
			isa = XCBuildConfiguration;
			buildSettings = {
				BUNDLE_LOADER = "$(TEST_HOST)";
				FRAMEWORK_SEARCH_PATHS = (
					"$(SDKROOT)/Developer/Library/Frameworks",
					"$(inherited)",
				);
				GCC_PREPROCESSOR_DEFINITIONS = (
					"DEBUG=1",
					"$(inherited)",
				);
				INFOPLIST_FILE = PoopCheckTests/Info.plist;
				LD_RUNPATH_SEARCH_PATHS = "$(inherited) @executable_path/Frameworks @loader_path/Frameworks";
				PRODUCT_NAME = "$(TARGET_NAME)";
				TEST_HOST = "$(BUILT_PRODUCTS_DIR)/PoopCheck.app/PoopCheck";
			};
			name = Debug;
		};
		BFAF800C1AE8318C007A3468 /* Release */ = {
			isa = XCBuildConfiguration;
			buildSettings = {
				BUNDLE_LOADER = "$(TEST_HOST)";
				FRAMEWORK_SEARCH_PATHS = (
					"$(SDKROOT)/Developer/Library/Frameworks",
					"$(inherited)",
				);
				INFOPLIST_FILE = PoopCheckTests/Info.plist;
				LD_RUNPATH_SEARCH_PATHS = "$(inherited) @executable_path/Frameworks @loader_path/Frameworks";
				PRODUCT_NAME = "$(TARGET_NAME)";
				TEST_HOST = "$(BUILT_PRODUCTS_DIR)/PoopCheck.app/PoopCheck";
			};
			name = Release;
		};
		BFEEE2491B051CC400A62319 /* Debug */ = {
			isa = XCBuildConfiguration;
			buildSettings = {
				FRAMEWORK_SEARCH_PATHS = (
					"$(SDKROOT)/Developer/Library/Frameworks",
					"$(inherited)",
				);
				GCC_PREPROCESSOR_DEFINITIONS = (
					"DEBUG=1",
					"$(inherited)",
				);
				INFOPLIST_FILE = poopCheckWatchKitTests/Info.plist;
				LD_RUNPATH_SEARCH_PATHS = "$(inherited) @executable_path/Frameworks @loader_path/Frameworks";
				PRODUCT_NAME = "$(TARGET_NAME)";
				TEST_HOST = "$(BUILT_PRODUCTS_DIR)/PoopCheck.app/PoopCheck";
			};
			name = Debug;
		};
		BFEEE24A1B051CC400A62319 /* Release */ = {
			isa = XCBuildConfiguration;
			buildSettings = {
				FRAMEWORK_SEARCH_PATHS = (
					"$(SDKROOT)/Developer/Library/Frameworks",
					"$(inherited)",
				);
				INFOPLIST_FILE = poopCheckWatchKitTests/Info.plist;
				LD_RUNPATH_SEARCH_PATHS = "$(inherited) @executable_path/Frameworks @loader_path/Frameworks";
				PRODUCT_NAME = "$(TARGET_NAME)";
				TEST_HOST = "$(BUILT_PRODUCTS_DIR)/PoopCheck.app/PoopCheck";
			};
			name = Release;
		};
		BFF2D3591B050C7B00925FA6 /* Debug */ = {
			isa = XCBuildConfiguration;
			buildSettings = {
				CODE_SIGN_ENTITLEMENTS = "PoopCheck WatchKit Extension/PoopCheck WatchKit Extension.entitlements";
				CODE_SIGN_IDENTITY = "iPhone Developer";
				"CODE_SIGN_IDENTITY[sdk=iphoneos*]" = "iPhone Developer";
				FRAMEWORK_SEARCH_PATHS = (
					"$(inherited)",
					"$(PROJECT_DIR)",
				);
				GCC_PREPROCESSOR_DEFINITIONS = (
					"DEBUG=1",
					"$(inherited)",
				);
				INFOPLIST_FILE = "PoopCheck WatchKit Extension/Info.plist";
				LD_RUNPATH_SEARCH_PATHS = "$(inherited) @executable_path/Frameworks @executable_path/../../Frameworks";
				PRODUCT_NAME = "${TARGET_NAME}";
				PROVISIONING_PROFILE = "dcee116e-6383-43be-be0d-8329a734f219";
				SKIP_INSTALL = YES;
			};
			name = Debug;
		};
		BFF2D35A1B050C7B00925FA6 /* Release */ = {
			isa = XCBuildConfiguration;
			buildSettings = {
				CODE_SIGN_ENTITLEMENTS = "PoopCheck WatchKit Extension/PoopCheck WatchKit Extension.entitlements";
				CODE_SIGN_IDENTITY = "iPhone Developer";
				"CODE_SIGN_IDENTITY[sdk=iphoneos*]" = "iPhone Developer";
				FRAMEWORK_SEARCH_PATHS = (
					"$(inherited)",
					"$(PROJECT_DIR)",
				);
				INFOPLIST_FILE = "PoopCheck WatchKit Extension/Info.plist";
				LD_RUNPATH_SEARCH_PATHS = "$(inherited) @executable_path/Frameworks @executable_path/../../Frameworks";
				PRODUCT_NAME = "${TARGET_NAME}";
				PROVISIONING_PROFILE = "f61d75d3-f491-4d52-8e81-7b4c8f76150f";
				SKIP_INSTALL = YES;
			};
			name = Release;
		};
		BFF2D35B1B050C7B00925FA6 /* Debug */ = {
			isa = XCBuildConfiguration;
			buildSettings = {
				ASSETCATALOG_COMPILER_APPICON_NAME = AppIcon;
				CODE_SIGN_IDENTITY = "iPhone Developer";
				GCC_PREPROCESSOR_DEFINITIONS = (
					"DEBUG=1",
					"$(inherited)",
				);
				IBSC_MODULE = PoopCheck_WatchKit_Extension;
				INFOPLIST_FILE = "PoopCheck WatchKit App/Info.plist";
				IPHONEOS_DEPLOYMENT_TARGET = 8.2;
				PRODUCT_NAME = "$(TARGET_NAME)";
				PROVISIONING_PROFILE = "571d30fd-42c3-44a7-9a1b-f5dcc50f7d0f";
				SKIP_INSTALL = YES;
				TARGETED_DEVICE_FAMILY = 4;
				"TARGETED_DEVICE_FAMILY[sdk=iphonesimulator*]" = "1,4";
			};
			name = Debug;
		};
		BFF2D35C1B050C7B00925FA6 /* Release */ = {
			isa = XCBuildConfiguration;
			buildSettings = {
				ASSETCATALOG_COMPILER_APPICON_NAME = AppIcon;
				CODE_SIGN_IDENTITY = "iPhone Developer";
				IBSC_MODULE = PoopCheck_WatchKit_Extension;
				INFOPLIST_FILE = "PoopCheck WatchKit App/Info.plist";
				IPHONEOS_DEPLOYMENT_TARGET = 8.2;
				PRODUCT_NAME = "$(TARGET_NAME)";
				PROVISIONING_PROFILE = "f61d75d3-f491-4d52-8e81-7b4c8f76150f";
				SKIP_INSTALL = YES;
				TARGETED_DEVICE_FAMILY = 4;
				"TARGETED_DEVICE_FAMILY[sdk=iphonesimulator*]" = "1,4";
			};
			name = Release;
		};
/* End XCBuildConfiguration section */

/* Begin XCConfigurationList section */
		BFAF7FE31AE8318C007A3468 /* Build configuration list for PBXProject "PoopCheck" */ = {
			isa = XCConfigurationList;
			buildConfigurations = (
				BFAF80051AE8318C007A3468 /* Debug */,
				BFAF80061AE8318C007A3468 /* Release */,
			);
			defaultConfigurationIsVisible = 0;
			defaultConfigurationName = Release;
		};
		BFAF80071AE8318C007A3468 /* Build configuration list for PBXNativeTarget "PoopCheck" */ = {
			isa = XCConfigurationList;
			buildConfigurations = (
				BFAF80081AE8318C007A3468 /* Debug */,
				BFAF80091AE8318C007A3468 /* Release */,
			);
			defaultConfigurationIsVisible = 0;
			defaultConfigurationName = Release;
		};
		BFAF800A1AE8318C007A3468 /* Build configuration list for PBXNativeTarget "PoopCheckTests" */ = {
			isa = XCConfigurationList;
			buildConfigurations = (
				BFAF800B1AE8318C007A3468 /* Debug */,
				BFAF800C1AE8318C007A3468 /* Release */,
			);
			defaultConfigurationIsVisible = 0;
			defaultConfigurationName = Release;
		};
		BFEEE24D1B051CC400A62319 /* Build configuration list for PBXNativeTarget "poopCheckWatchKitTests" */ = {
			isa = XCConfigurationList;
			buildConfigurations = (
				BFEEE2491B051CC400A62319 /* Debug */,
				BFEEE24A1B051CC400A62319 /* Release */,
			);
			defaultConfigurationIsVisible = 0;
			defaultConfigurationName = Release;
		};
		BFF2D35D1B050C7B00925FA6 /* Build configuration list for PBXNativeTarget "PoopCheck WatchKit App" */ = {
			isa = XCConfigurationList;
			buildConfigurations = (
				BFF2D35B1B050C7B00925FA6 /* Debug */,
				BFF2D35C1B050C7B00925FA6 /* Release */,
			);
			defaultConfigurationIsVisible = 0;
			defaultConfigurationName = Release;
		};
		BFF2D35E1B050C7B00925FA6 /* Build configuration list for PBXNativeTarget "PoopCheck WatchKit Extension" */ = {
			isa = XCConfigurationList;
			buildConfigurations = (
				BFF2D3591B050C7B00925FA6 /* Debug */,
				BFF2D35A1B050C7B00925FA6 /* Release */,
			);
			defaultConfigurationIsVisible = 0;
			defaultConfigurationName = Release;
		};
/* End XCConfigurationList section */
	};
	rootObject = BFAF7FE01AE8318C007A3468 /* Project object */;
}
