// !$*UTF8*$!
{
	archiveVersion = 1;
	classes = {
	};
	objectVersion = 46;
	objects = {

/* Begin PBXBuildFile section */
		BF18B29E1AEEBD97008B9ACC /* MapViewController.swift in Sources */ = {isa = PBXBuildFile; fileRef = BF18B29D1AEEBD97008B9ACC /* MapViewController.swift */; };
		BF18B2A01AF1C2A4008B9ACC /* PinManager.swift in Sources */ = {isa = PBXBuildFile; fileRef = BF18B29F1AF1C2A4008B9ACC /* PinManager.swift */; };
		BF3252911AE96BBE001B8F57 /* PoopsViewController.swift in Sources */ = {isa = PBXBuildFile; fileRef = BF3252901AE96BBE001B8F57 /* PoopsViewController.swift */; };
		BF3252931AE96C24001B8F57 /* PoopTableViewCell.swift in Sources */ = {isa = PBXBuildFile; fileRef = BF3252921AE96C24001B8F57 /* PoopTableViewCell.swift */; };
		BF3252951AEAB033001B8F57 /* LoginViewController.swift in Sources */ = {isa = PBXBuildFile; fileRef = BF3252941AEAB033001B8F57 /* LoginViewController.swift */; };
		BFAF7FEE1AE8318C007A3468 /* AppDelegate.swift in Sources */ = {isa = PBXBuildFile; fileRef = BFAF7FED1AE8318C007A3468 /* AppDelegate.swift */; };
		BFAF7FF31AE8318C007A3468 /* Main.storyboard in Resources */ = {isa = PBXBuildFile; fileRef = BFAF7FF11AE8318C007A3468 /* Main.storyboard */; };
		BFAF7FF51AE8318C007A3468 /* Images.xcassets in Resources */ = {isa = PBXBuildFile; fileRef = BFAF7FF41AE8318C007A3468 /* Images.xcassets */; };
		BFAF7FF81AE8318C007A3468 /* LaunchScreen.xib in Resources */ = {isa = PBXBuildFile; fileRef = BFAF7FF61AE8318C007A3468 /* LaunchScreen.xib */; };
		BFAF80041AE8318C007A3468 /* PoopCheckTests.swift in Sources */ = {isa = PBXBuildFile; fileRef = BFAF80031AE8318C007A3468 /* PoopCheckTests.swift */; };
		BFAF80161AE8347F007A3468 /* Bolts.framework in Frameworks */ = {isa = PBXBuildFile; fileRef = BFAF80101AE8347F007A3468 /* Bolts.framework */; };
		BFAF80171AE8347F007A3468 /* ParseCrashReporting.framework in Frameworks */ = {isa = PBXBuildFile; fileRef = BFAF80111AE8347F007A3468 /* ParseCrashReporting.framework */; };
		BFAF80181AE8347F007A3468 /* ParseUI.framework in Frameworks */ = {isa = PBXBuildFile; fileRef = BFAF80121AE8347F007A3468 /* ParseUI.framework */; };
		BFAF80191AE8347F007A3468 /* ParseFacebookUtilsV4.framework in Frameworks */ = {isa = PBXBuildFile; fileRef = BFAF80131AE8347F007A3468 /* ParseFacebookUtilsV4.framework */; };
		BFAF801A1AE8347F007A3468 /* ParseFacebookUtils.framework in Frameworks */ = {isa = PBXBuildFile; fileRef = BFAF80141AE8347F007A3468 /* ParseFacebookUtils.framework */; };
		BFAF801B1AE8347F007A3468 /* Parse.framework in Frameworks */ = {isa = PBXBuildFile; fileRef = BFAF80151AE8347F007A3468 /* Parse.framework */; };
		BFAF80271AE83544007A3468 /* AudioToolbox.framework in Frameworks */ = {isa = PBXBuildFile; fileRef = BFAF801C1AE83544007A3468 /* AudioToolbox.framework */; };
		BFAF80281AE83544007A3468 /* CFNetwork.framework in Frameworks */ = {isa = PBXBuildFile; fileRef = BFAF801D1AE83544007A3468 /* CFNetwork.framework */; };
		BFAF80291AE83544007A3468 /* CoreGraphics.framework in Frameworks */ = {isa = PBXBuildFile; fileRef = BFAF801E1AE83544007A3468 /* CoreGraphics.framework */; };
		BFAF802A1AE83544007A3468 /* CoreLocation.framework in Frameworks */ = {isa = PBXBuildFile; fileRef = BFAF801F1AE83544007A3468 /* CoreLocation.framework */; };
		BFAF802B1AE83544007A3468 /* libsqlite3.dylib in Frameworks */ = {isa = PBXBuildFile; fileRef = BFAF80201AE83544007A3468 /* libsqlite3.dylib */; };
		BFAF802C1AE83544007A3468 /* libz.dylib in Frameworks */ = {isa = PBXBuildFile; fileRef = BFAF80211AE83544007A3468 /* libz.dylib */; };
		BFAF802D1AE83544007A3468 /* MobileCoreServices.framework in Frameworks */ = {isa = PBXBuildFile; fileRef = BFAF80221AE83544007A3468 /* MobileCoreServices.framework */; };
		BFAF802E1AE83544007A3468 /* QuartzCore.framework in Frameworks */ = {isa = PBXBuildFile; fileRef = BFAF80231AE83544007A3468 /* QuartzCore.framework */; };
		BFAF802F1AE83544007A3468 /* Security.framework in Frameworks */ = {isa = PBXBuildFile; fileRef = BFAF80241AE83544007A3468 /* Security.framework */; };
		BFAF80301AE83544007A3468 /* StoreKit.framework in Frameworks */ = {isa = PBXBuildFile; fileRef = BFAF80251AE83544007A3468 /* StoreKit.framework */; };
		BFAF80311AE83544007A3468 /* SystemConfiguration.framework in Frameworks */ = {isa = PBXBuildFile; fileRef = BFAF80261AE83544007A3468 /* SystemConfiguration.framework */; };
		BFAF80361AE86562007A3468 /* UserManager.swift in Sources */ = {isa = PBXBuildFile; fileRef = BFAF80351AE86562007A3468 /* UserManager.swift */; };
		BFAF80381AE86573007A3468 /* PoopManager.swift in Sources */ = {isa = PBXBuildFile; fileRef = BFAF80371AE86573007A3468 /* PoopManager.swift */; };
		BFAF803C1AE87722007A3468 /* CheckInViewController.swift in Sources */ = {isa = PBXBuildFile; fileRef = BFAF803B1AE87722007A3468 /* CheckInViewController.swift */; };
		BFB12C1A1AEACAE900B8A09F /* FBSDKCoreKit.framework in Frameworks */ = {isa = PBXBuildFile; fileRef = BFB12C171AEACAE900B8A09F /* FBSDKCoreKit.framework */; };
		BFB12C1B1AEACAE900B8A09F /* FBSDKLoginKit.framework in Frameworks */ = {isa = PBXBuildFile; fileRef = BFB12C181AEACAE900B8A09F /* FBSDKLoginKit.framework */; };
		BFB12C1C1AEACAE900B8A09F /* FBSDKShareKit.framework in Frameworks */ = {isa = PBXBuildFile; fileRef = BFB12C191AEACAE900B8A09F /* FBSDKShareKit.framework */; };
/* End PBXBuildFile section */

/* Begin PBXContainerItemProxy section */
		BFAF7FFE1AE8318C007A3468 /* PBXContainerItemProxy */ = {
			isa = PBXContainerItemProxy;
			containerPortal = BFAF7FE01AE8318C007A3468 /* Project object */;
			proxyType = 1;
			remoteGlobalIDString = BFAF7FE71AE8318C007A3468;
			remoteInfo = PoopCheck;
		};
/* End PBXContainerItemProxy section */

/* Begin PBXFileReference section */
		BF18B29D1AEEBD97008B9ACC /* MapViewController.swift */ = {isa = PBXFileReference; fileEncoding = 4; lastKnownFileType = sourcecode.swift; path = MapViewController.swift; sourceTree = "<group>"; };
		BF18B29F1AF1C2A4008B9ACC /* PinManager.swift */ = {isa = PBXFileReference; fileEncoding = 4; lastKnownFileType = sourcecode.swift; path = PinManager.swift; sourceTree = "<group>"; };
		BF3252901AE96BBE001B8F57 /* PoopsViewController.swift */ = {isa = PBXFileReference; fileEncoding = 4; lastKnownFileType = sourcecode.swift; path = PoopsViewController.swift; sourceTree = "<group>"; };
		BF3252921AE96C24001B8F57 /* PoopTableViewCell.swift */ = {isa = PBXFileReference; fileEncoding = 4; lastKnownFileType = sourcecode.swift; path = PoopTableViewCell.swift; sourceTree = "<group>"; };
		BF3252941AEAB033001B8F57 /* LoginViewController.swift */ = {isa = PBXFileReference; fileEncoding = 4; lastKnownFileType = sourcecode.swift; path = LoginViewController.swift; sourceTree = "<group>"; };
		BFAF7FE81AE8318C007A3468 /* PoopCheck.app */ = {isa = PBXFileReference; explicitFileType = wrapper.application; includeInIndex = 0; path = PoopCheck.app; sourceTree = BUILT_PRODUCTS_DIR; };
		BFAF7FEC1AE8318C007A3468 /* Info.plist */ = {isa = PBXFileReference; lastKnownFileType = text.plist.xml; path = Info.plist; sourceTree = "<group>"; };
		BFAF7FED1AE8318C007A3468 /* AppDelegate.swift */ = {isa = PBXFileReference; lastKnownFileType = sourcecode.swift; path = AppDelegate.swift; sourceTree = "<group>"; };
		BFAF7FF21AE8318C007A3468 /* Base */ = {isa = PBXFileReference; lastKnownFileType = file.storyboard; name = Base; path = Base.lproj/Main.storyboard; sourceTree = "<group>"; };
		BFAF7FF41AE8318C007A3468 /* Images.xcassets */ = {isa = PBXFileReference; lastKnownFileType = folder.assetcatalog; path = Images.xcassets; sourceTree = "<group>"; };
		BFAF7FF71AE8318C007A3468 /* Base */ = {isa = PBXFileReference; lastKnownFileType = file.xib; name = Base; path = Base.lproj/LaunchScreen.xib; sourceTree = "<group>"; };
		BFAF7FFD1AE8318C007A3468 /* PoopCheckTests.xctest */ = {isa = PBXFileReference; explicitFileType = wrapper.cfbundle; includeInIndex = 0; path = PoopCheckTests.xctest; sourceTree = BUILT_PRODUCTS_DIR; };
		BFAF80021AE8318C007A3468 /* Info.plist */ = {isa = PBXFileReference; lastKnownFileType = text.plist.xml; path = Info.plist; sourceTree = "<group>"; };
		BFAF80031AE8318C007A3468 /* PoopCheckTests.swift */ = {isa = PBXFileReference; lastKnownFileType = sourcecode.swift; path = PoopCheckTests.swift; sourceTree = "<group>"; };
		BFAF80101AE8347F007A3468 /* Bolts.framework */ = {isa = PBXFileReference; lastKnownFileType = wrapper.framework; path = Bolts.framework; sourceTree = "<group>"; };
		BFAF80111AE8347F007A3468 /* ParseCrashReporting.framework */ = {isa = PBXFileReference; lastKnownFileType = wrapper.framework; path = ParseCrashReporting.framework; sourceTree = "<group>"; };
		BFAF80121AE8347F007A3468 /* ParseUI.framework */ = {isa = PBXFileReference; lastKnownFileType = wrapper.framework; path = ParseUI.framework; sourceTree = "<group>"; };
		BFAF80131AE8347F007A3468 /* ParseFacebookUtilsV4.framework */ = {isa = PBXFileReference; lastKnownFileType = wrapper.framework; path = ParseFacebookUtilsV4.framework; sourceTree = "<group>"; };
		BFAF80141AE8347F007A3468 /* ParseFacebookUtils.framework */ = {isa = PBXFileReference; lastKnownFileType = wrapper.framework; path = ParseFacebookUtils.framework; sourceTree = "<group>"; };
		BFAF80151AE8347F007A3468 /* Parse.framework */ = {isa = PBXFileReference; lastKnownFileType = wrapper.framework; path = Parse.framework; sourceTree = "<group>"; };
		BFAF801C1AE83544007A3468 /* AudioToolbox.framework */ = {isa = PBXFileReference; lastKnownFileType = wrapper.framework; name = AudioToolbox.framework; path = System/Library/Frameworks/AudioToolbox.framework; sourceTree = SDKROOT; };
		BFAF801D1AE83544007A3468 /* CFNetwork.framework */ = {isa = PBXFileReference; lastKnownFileType = wrapper.framework; name = CFNetwork.framework; path = System/Library/Frameworks/CFNetwork.framework; sourceTree = SDKROOT; };
		BFAF801E1AE83544007A3468 /* CoreGraphics.framework */ = {isa = PBXFileReference; lastKnownFileType = wrapper.framework; name = CoreGraphics.framework; path = System/Library/Frameworks/CoreGraphics.framework; sourceTree = SDKROOT; };
		BFAF801F1AE83544007A3468 /* CoreLocation.framework */ = {isa = PBXFileReference; lastKnownFileType = wrapper.framework; name = CoreLocation.framework; path = System/Library/Frameworks/CoreLocation.framework; sourceTree = SDKROOT; };
		BFAF80201AE83544007A3468 /* libsqlite3.dylib */ = {isa = PBXFileReference; lastKnownFileType = "compiled.mach-o.dylib"; name = libsqlite3.dylib; path = usr/lib/libsqlite3.dylib; sourceTree = SDKROOT; };
		BFAF80211AE83544007A3468 /* libz.dylib */ = {isa = PBXFileReference; lastKnownFileType = "compiled.mach-o.dylib"; name = libz.dylib; path = usr/lib/libz.dylib; sourceTree = SDKROOT; };
		BFAF80221AE83544007A3468 /* MobileCoreServices.framework */ = {isa = PBXFileReference; lastKnownFileType = wrapper.framework; name = MobileCoreServices.framework; path = System/Library/Frameworks/MobileCoreServices.framework; sourceTree = SDKROOT; };
		BFAF80231AE83544007A3468 /* QuartzCore.framework */ = {isa = PBXFileReference; lastKnownFileType = wrapper.framework; name = QuartzCore.framework; path = System/Library/Frameworks/QuartzCore.framework; sourceTree = SDKROOT; };
		BFAF80241AE83544007A3468 /* Security.framework */ = {isa = PBXFileReference; lastKnownFileType = wrapper.framework; name = Security.framework; path = System/Library/Frameworks/Security.framework; sourceTree = SDKROOT; };
		BFAF80251AE83544007A3468 /* StoreKit.framework */ = {isa = PBXFileReference; lastKnownFileType = wrapper.framework; name = StoreKit.framework; path = System/Library/Frameworks/StoreKit.framework; sourceTree = SDKROOT; };
		BFAF80261AE83544007A3468 /* SystemConfiguration.framework */ = {isa = PBXFileReference; lastKnownFileType = wrapper.framework; name = SystemConfiguration.framework; path = System/Library/Frameworks/SystemConfiguration.framework; sourceTree = SDKROOT; };
		BFAF80351AE86562007A3468 /* UserManager.swift */ = {isa = PBXFileReference; fileEncoding = 4; lastKnownFileType = sourcecode.swift; path = UserManager.swift; sourceTree = "<group>"; };
		BFAF80371AE86573007A3468 /* PoopManager.swift */ = {isa = PBXFileReference; fileEncoding = 4; lastKnownFileType = sourcecode.swift; path = PoopManager.swift; sourceTree = "<group>"; };
		BFAF803B1AE87722007A3468 /* CheckInViewController.swift */ = {isa = PBXFileReference; fileEncoding = 4; lastKnownFileType = sourcecode.swift; path = CheckInViewController.swift; sourceTree = "<group>"; };
		BFB12C061AEAC4D800B8A09F /* header-bridge.h */ = {isa = PBXFileReference; lastKnownFileType = sourcecode.c.h; path = "header-bridge.h"; sourceTree = "<group>"; };
		BFB12C171AEACAE900B8A09F /* FBSDKCoreKit.framework */ = {isa = PBXFileReference; lastKnownFileType = wrapper.framework; path = FBSDKCoreKit.framework; sourceTree = "<group>"; };
		BFB12C181AEACAE900B8A09F /* FBSDKLoginKit.framework */ = {isa = PBXFileReference; lastKnownFileType = wrapper.framework; path = FBSDKLoginKit.framework; sourceTree = "<group>"; };
		BFB12C191AEACAE900B8A09F /* FBSDKShareKit.framework */ = {isa = PBXFileReference; lastKnownFileType = wrapper.framework; path = FBSDKShareKit.framework; sourceTree = "<group>"; };
/* End PBXFileReference section */

/* Begin PBXFrameworksBuildPhase section */
		BFAF7FE51AE8318C007A3468 /* Frameworks */ = {
			isa = PBXFrameworksBuildPhase;
			buildActionMask = 2147483647;
			files = (
				BFAF80271AE83544007A3468 /* AudioToolbox.framework in Frameworks */,
				BFAF80281AE83544007A3468 /* CFNetwork.framework in Frameworks */,
				BFAF80291AE83544007A3468 /* CoreGraphics.framework in Frameworks */,
				BFAF802A1AE83544007A3468 /* CoreLocation.framework in Frameworks */,
				BFAF802B1AE83544007A3468 /* libsqlite3.dylib in Frameworks */,
				BFAF802C1AE83544007A3468 /* libz.dylib in Frameworks */,
				BFAF802D1AE83544007A3468 /* MobileCoreServices.framework in Frameworks */,
				BFB12C1A1AEACAE900B8A09F /* FBSDKCoreKit.framework in Frameworks */,
				BFAF802E1AE83544007A3468 /* QuartzCore.framework in Frameworks */,
				BFAF802F1AE83544007A3468 /* Security.framework in Frameworks */,
				BFAF80301AE83544007A3468 /* StoreKit.framework in Frameworks */,
				BFAF80311AE83544007A3468 /* SystemConfiguration.framework in Frameworks */,
				BFB12C1C1AEACAE900B8A09F /* FBSDKShareKit.framework in Frameworks */,
				BFAF80181AE8347F007A3468 /* ParseUI.framework in Frameworks */,
				BFB12C1B1AEACAE900B8A09F /* FBSDKLoginKit.framework in Frameworks */,
				BFAF80161AE8347F007A3468 /* Bolts.framework in Frameworks */,
				BFAF80191AE8347F007A3468 /* ParseFacebookUtilsV4.framework in Frameworks */,
				BFAF801A1AE8347F007A3468 /* ParseFacebookUtils.framework in Frameworks */,
				BFAF801B1AE8347F007A3468 /* Parse.framework in Frameworks */,
				BFAF80171AE8347F007A3468 /* ParseCrashReporting.framework in Frameworks */,
			);
			runOnlyForDeploymentPostprocessing = 0;
		};
		BFAF7FFA1AE8318C007A3468 /* Frameworks */ = {
			isa = PBXFrameworksBuildPhase;
			buildActionMask = 2147483647;
			files = (
			);
			runOnlyForDeploymentPostprocessing = 0;
		};
/* End PBXFrameworksBuildPhase section */

/* Begin PBXGroup section */
		BFAF7FDF1AE8318C007A3468 = {
			isa = PBXGroup;
			children = (
				BFAF7FEA1AE8318C007A3468 /* PoopCheck */,
				BFAF80001AE8318C007A3468 /* PoopCheckTests */,
				BFAF7FE91AE8318C007A3468 /* Products */,
				BFAF800F1AE8344F007A3468 /* Frameworks */,
			);
			sourceTree = "<group>";
		};
		BFAF7FE91AE8318C007A3468 /* Products */ = {
			isa = PBXGroup;
			children = (
				BFAF7FE81AE8318C007A3468 /* PoopCheck.app */,
				BFAF7FFD1AE8318C007A3468 /* PoopCheckTests.xctest */,
			);
			name = Products;
			sourceTree = "<group>";
		};
		BFAF7FEA1AE8318C007A3468 /* PoopCheck */ = {
			isa = PBXGroup;
			children = (
				BFAF7FF41AE8318C007A3468 /* Images.xcassets */,
				BFAF7FED1AE8318C007A3468 /* AppDelegate.swift */,
				BFB12C061AEAC4D800B8A09F /* header-bridge.h */,
				BFAF80341AE86502007A3468 /* Model */,
				BFAF80331AE864FD007A3468 /* View */,
				BFAF80321AE864F4007A3468 /* Controller */,
				BFAF7FEB1AE8318C007A3468 /* Supporting Files */,
			);
			path = PoopCheck;
			sourceTree = "<group>";
		};
		BFAF7FEB1AE8318C007A3468 /* Supporting Files */ = {
			isa = PBXGroup;
			children = (
				BFAF7FEC1AE8318C007A3468 /* Info.plist */,
			);
			name = "Supporting Files";
			sourceTree = "<group>";
		};
		BFAF80001AE8318C007A3468 /* PoopCheckTests */ = {
			isa = PBXGroup;
			children = (
				BFAF80031AE8318C007A3468 /* PoopCheckTests.swift */,
				BFAF80011AE8318C007A3468 /* Supporting Files */,
			);
			path = PoopCheckTests;
			sourceTree = "<group>";
		};
		BFAF80011AE8318C007A3468 /* Supporting Files */ = {
			isa = PBXGroup;
			children = (
				BFAF80021AE8318C007A3468 /* Info.plist */,
			);
			name = "Supporting Files";
			sourceTree = "<group>";
		};
		BFAF800F1AE8344F007A3468 /* Frameworks */ = {
			isa = PBXGroup;
			children = (
				BFB12C171AEACAE900B8A09F /* FBSDKCoreKit.framework */,
				BFB12C181AEACAE900B8A09F /* FBSDKLoginKit.framework */,
				BFB12C191AEACAE900B8A09F /* FBSDKShareKit.framework */,
				BFAF801C1AE83544007A3468 /* AudioToolbox.framework */,
				BFAF801D1AE83544007A3468 /* CFNetwork.framework */,
				BFAF801E1AE83544007A3468 /* CoreGraphics.framework */,
				BFAF801F1AE83544007A3468 /* CoreLocation.framework */,
				BFAF80201AE83544007A3468 /* libsqlite3.dylib */,
				BFAF80211AE83544007A3468 /* libz.dylib */,
				BFAF80221AE83544007A3468 /* MobileCoreServices.framework */,
				BFAF80231AE83544007A3468 /* QuartzCore.framework */,
				BFAF80241AE83544007A3468 /* Security.framework */,
				BFAF80251AE83544007A3468 /* StoreKit.framework */,
				BFAF80261AE83544007A3468 /* SystemConfiguration.framework */,
				BFAF80101AE8347F007A3468 /* Bolts.framework */,
				BFAF80111AE8347F007A3468 /* ParseCrashReporting.framework */,
				BFAF80121AE8347F007A3468 /* ParseUI.framework */,
				BFAF80131AE8347F007A3468 /* ParseFacebookUtilsV4.framework */,
				BFAF80141AE8347F007A3468 /* ParseFacebookUtils.framework */,
				BFAF80151AE8347F007A3468 /* Parse.framework */,
			);
			name = Frameworks;
			sourceTree = "<group>";
		};
		BFAF80321AE864F4007A3468 /* Controller */ = {
			isa = PBXGroup;
			children = (
				BFAF803B1AE87722007A3468 /* CheckInViewController.swift */,
				BF3252901AE96BBE001B8F57 /* PoopsViewController.swift */,
				BF3252921AE96C24001B8F57 /* PoopTableViewCell.swift */,
				BF3252941AEAB033001B8F57 /* LoginViewController.swift */,
				BF18B29D1AEEBD97008B9ACC /* MapViewController.swift */,
			);
			name = Controller;
			sourceTree = "<group>";
		};
		BFAF80331AE864FD007A3468 /* View */ = {
			isa = PBXGroup;
			children = (
				BFAF7FF61AE8318C007A3468 /* LaunchScreen.xib */,
				BFAF7FF11AE8318C007A3468 /* Main.storyboard */,
			);
			name = View;
			sourceTree = "<group>";
		};
		BFAF80341AE86502007A3468 /* Model */ = {
			isa = PBXGroup;
			children = (
				BFAF80351AE86562007A3468 /* UserManager.swift */,
				BFAF80371AE86573007A3468 /* PoopManager.swift */,
				BF18B29F1AF1C2A4008B9ACC /* PinManager.swift */,
			);
			name = Model;
			sourceTree = "<group>";
		};
/* End PBXGroup section */

/* Begin PBXNativeTarget section */
		BFAF7FE71AE8318C007A3468 /* PoopCheck */ = {
			isa = PBXNativeTarget;
			buildConfigurationList = BFAF80071AE8318C007A3468 /* Build configuration list for PBXNativeTarget "PoopCheck" */;
			buildPhases = (
				BFAF7FE41AE8318C007A3468 /* Sources */,
				BFAF7FE51AE8318C007A3468 /* Frameworks */,
				BFAF7FE61AE8318C007A3468 /* Resources */,
			);
			buildRules = (
			);
			dependencies = (
			);
			name = PoopCheck;
			productName = PoopCheck;
			productReference = BFAF7FE81AE8318C007A3468 /* PoopCheck.app */;
			productType = "com.apple.product-type.application";
		};
		BFAF7FFC1AE8318C007A3468 /* PoopCheckTests */ = {
			isa = PBXNativeTarget;
			buildConfigurationList = BFAF800A1AE8318C007A3468 /* Build configuration list for PBXNativeTarget "PoopCheckTests" */;
			buildPhases = (
				BFAF7FF91AE8318C007A3468 /* Sources */,
				BFAF7FFA1AE8318C007A3468 /* Frameworks */,
				BFAF7FFB1AE8318C007A3468 /* Resources */,
			);
			buildRules = (
			);
			dependencies = (
				BFAF7FFF1AE8318C007A3468 /* PBXTargetDependency */,
			);
			name = PoopCheckTests;
			productName = PoopCheckTests;
			productReference = BFAF7FFD1AE8318C007A3468 /* PoopCheckTests.xctest */;
			productType = "com.apple.product-type.bundle.unit-test";
		};
/* End PBXNativeTarget section */

/* Begin PBXProject section */
		BFAF7FE01AE8318C007A3468 /* Project object */ = {
			isa = PBXProject;
			attributes = {
				LastUpgradeCheck = 0630;
				ORGANIZATIONNAME = BEPiD;
				TargetAttributes = {
					BFAF7FE71AE8318C007A3468 = {
						CreatedOnToolsVersion = 6.3;
					};
					BFAF7FFC1AE8318C007A3468 = {
						CreatedOnToolsVersion = 6.3;
						TestTargetID = BFAF7FE71AE8318C007A3468;
					};
				};
			};
			buildConfigurationList = BFAF7FE31AE8318C007A3468 /* Build configuration list for PBXProject "PoopCheck" */;
			compatibilityVersion = "Xcode 3.2";
			developmentRegion = English;
			hasScannedForEncodings = 0;
			knownRegions = (
				en,
				Base,
			);
			mainGroup = BFAF7FDF1AE8318C007A3468;
			productRefGroup = BFAF7FE91AE8318C007A3468 /* Products */;
			projectDirPath = "";
			projectRoot = "";
			targets = (
				BFAF7FE71AE8318C007A3468 /* PoopCheck */,
				BFAF7FFC1AE8318C007A3468 /* PoopCheckTests */,
			);
		};
/* End PBXProject section */

/* Begin PBXResourcesBuildPhase section */
		BFAF7FE61AE8318C007A3468 /* Resources */ = {
			isa = PBXResourcesBuildPhase;
			buildActionMask = 2147483647;
			files = (
				BFAF7FF31AE8318C007A3468 /* Main.storyboard in Resources */,
				BFAF7FF81AE8318C007A3468 /* LaunchScreen.xib in Resources */,
				BFAF7FF51AE8318C007A3468 /* Images.xcassets in Resources */,
			);
			runOnlyForDeploymentPostprocessing = 0;
		};
		BFAF7FFB1AE8318C007A3468 /* Resources */ = {
			isa = PBXResourcesBuildPhase;
			buildActionMask = 2147483647;
			files = (
			);
			runOnlyForDeploymentPostprocessing = 0;
		};
/* End PBXResourcesBuildPhase section */

/* Begin PBXSourcesBuildPhase section */
		BFAF7FE41AE8318C007A3468 /* Sources */ = {
			isa = PBXSourcesBuildPhase;
			buildActionMask = 2147483647;
			files = (
				BF3252951AEAB033001B8F57 /* LoginViewController.swift in Sources */,
				BFAF80361AE86562007A3468 /* UserManager.swift in Sources */,
				BF3252931AE96C24001B8F57 /* PoopTableViewCell.swift in Sources */,
				BF18B2A01AF1C2A4008B9ACC /* PinManager.swift in Sources */,
				BFAF80381AE86573007A3468 /* PoopManager.swift in Sources */,
				BFAF803C1AE87722007A3468 /* CheckInViewController.swift in Sources */,
				BFAF7FEE1AE8318C007A3468 /* AppDelegate.swift in Sources */,
				BF3252911AE96BBE001B8F57 /* PoopsViewController.swift in Sources */,
				BF18B29E1AEEBD97008B9ACC /* MapViewController.swift in Sources */,
			);
			runOnlyForDeploymentPostprocessing = 0;
		};
		BFAF7FF91AE8318C007A3468 /* Sources */ = {
			isa = PBXSourcesBuildPhase;
			buildActionMask = 2147483647;
			files = (
				BFAF80041AE8318C007A3468 /* PoopCheckTests.swift in Sources */,
			);
			runOnlyForDeploymentPostprocessing = 0;
		};
/* End PBXSourcesBuildPhase section */

/* Begin PBXTargetDependency section */
		BFAF7FFF1AE8318C007A3468 /* PBXTargetDependency */ = {
			isa = PBXTargetDependency;
			target = BFAF7FE71AE8318C007A3468 /* PoopCheck */;
			targetProxy = BFAF7FFE1AE8318C007A3468 /* PBXContainerItemProxy */;
		};
/* End PBXTargetDependency section */

/* Begin PBXVariantGroup section */
		BFAF7FF11AE8318C007A3468 /* Main.storyboard */ = {
			isa = PBXVariantGroup;
			children = (
				BFAF7FF21AE8318C007A3468 /* Base */,
			);
			name = Main.storyboard;
			sourceTree = "<group>";
		};
		BFAF7FF61AE8318C007A3468 /* LaunchScreen.xib */ = {
			isa = PBXVariantGroup;
			children = (
				BFAF7FF71AE8318C007A3468 /* Base */,
			);
			name = LaunchScreen.xib;
			sourceTree = "<group>";
		};
/* End PBXVariantGroup section */

/* Begin XCBuildConfiguration section */
		BFAF80051AE8318C007A3468 /* Debug */ = {
			isa = XCBuildConfiguration;
			buildSettings = {
				ALWAYS_SEARCH_USER_PATHS = NO;
				CLANG_CXX_LANGUAGE_STANDARD = "gnu++0x";
				CLANG_CXX_LIBRARY = "libc++";
				CLANG_ENABLE_MODULES = YES;
				CLANG_ENABLE_OBJC_ARC = YES;
				CLANG_WARN_BOOL_CONVERSION = YES;
				CLANG_WARN_CONSTANT_CONVERSION = YES;
				CLANG_WARN_DIRECT_OBJC_ISA_USAGE = YES_ERROR;
				CLANG_WARN_EMPTY_BODY = YES;
				CLANG_WARN_ENUM_CONVERSION = YES;
				CLANG_WARN_INT_CONVERSION = YES;
				CLANG_WARN_OBJC_ROOT_CLASS = YES_ERROR;
				CLANG_WARN_UNREACHABLE_CODE = YES;
				CLANG_WARN__DUPLICATE_METHOD_MATCH = YES;
				"CODE_SIGN_IDENTITY[sdk=iphoneos*]" = "iPhone Developer";
				COPY_PHASE_STRIP = NO;
				DEBUG_INFORMATION_FORMAT = "dwarf-with-dsym";
				ENABLE_STRICT_OBJC_MSGSEND = YES;
				GCC_C_LANGUAGE_STANDARD = gnu99;
				GCC_DYNAMIC_NO_PIC = NO;
				GCC_NO_COMMON_BLOCKS = YES;
				GCC_OPTIMIZATION_LEVEL = 0;
				GCC_PREPROCESSOR_DEFINITIONS = (
					"DEBUG=1",
					"$(inherited)",
				);
				GCC_SYMBOLS_PRIVATE_EXTERN = NO;
				GCC_WARN_64_TO_32_BIT_CONVERSION = YES;
				GCC_WARN_ABOUT_RETURN_TYPE = YES_ERROR;
				GCC_WARN_UNDECLARED_SELECTOR = YES;
				GCC_WARN_UNINITIALIZED_AUTOS = YES_AGGRESSIVE;
				GCC_WARN_UNUSED_FUNCTION = YES;
				GCC_WARN_UNUSED_VARIABLE = YES;
				IPHONEOS_DEPLOYMENT_TARGET = 8.3;
				MTL_ENABLE_DEBUG_INFO = YES;
				ONLY_ACTIVE_ARCH = YES;
				SDKROOT = iphoneos;
				SWIFT_OPTIMIZATION_LEVEL = "-Onone";
				TARGETED_DEVICE_FAMILY = "1,2";
			};
			name = Debug;
		};
		BFAF80061AE8318C007A3468 /* Release */ = {
			isa = XCBuildConfiguration;
			buildSettings = {
				ALWAYS_SEARCH_USER_PATHS = NO;
				CLANG_CXX_LANGUAGE_STANDARD = "gnu++0x";
				CLANG_CXX_LIBRARY = "libc++";
				CLANG_ENABLE_MODULES = YES;
				CLANG_ENABLE_OBJC_ARC = YES;
				CLANG_WARN_BOOL_CONVERSION = YES;
				CLANG_WARN_CONSTANT_CONVERSION = YES;
				CLANG_WARN_DIRECT_OBJC_ISA_USAGE = YES_ERROR;
				CLANG_WARN_EMPTY_BODY = YES;
				CLANG_WARN_ENUM_CONVERSION = YES;
				CLANG_WARN_INT_CONVERSION = YES;
				CLANG_WARN_OBJC_ROOT_CLASS = YES_ERROR;
				CLANG_WARN_UNREACHABLE_CODE = YES;
				CLANG_WARN__DUPLICATE_METHOD_MATCH = YES;
				"CODE_SIGN_IDENTITY[sdk=iphoneos*]" = "iPhone Developer";
				COPY_PHASE_STRIP = NO;
				DEBUG_INFORMATION_FORMAT = "dwarf-with-dsym";
				ENABLE_NS_ASSERTIONS = NO;
				ENABLE_STRICT_OBJC_MSGSEND = YES;
				GCC_C_LANGUAGE_STANDARD = gnu99;
				GCC_NO_COMMON_BLOCKS = YES;
				GCC_WARN_64_TO_32_BIT_CONVERSION = YES;
				GCC_WARN_ABOUT_RETURN_TYPE = YES_ERROR;
				GCC_WARN_UNDECLARED_SELECTOR = YES;
				GCC_WARN_UNINITIALIZED_AUTOS = YES_AGGRESSIVE;
				GCC_WARN_UNUSED_FUNCTION = YES;
				GCC_WARN_UNUSED_VARIABLE = YES;
				IPHONEOS_DEPLOYMENT_TARGET = 8.3;
				MTL_ENABLE_DEBUG_INFO = NO;
				SDKROOT = iphoneos;
				TARGETED_DEVICE_FAMILY = "1,2";
				VALIDATE_PRODUCT = YES;
			};
			name = Release;
		};
		BFAF80081AE8318C007A3468 /* Debug */ = {
			isa = XCBuildConfiguration;
			buildSettings = {
				ASSETCATALOG_COMPILER_APPICON_NAME = AppIcon;
				CODE_SIGN_IDENTITY = "iPhone Developer";
				FRAMEWORK_SEARCH_PATHS = (
					"$(inherited)",
					"$(PROJECT_DIR)",
					/Users/matheusfrozzi/Documents/FacebookSDK,
				);
				INFOPLIST_FILE = PoopCheck/Info.plist;
				LD_RUNPATH_SEARCH_PATHS = "$(inherited) @executable_path/Frameworks";
				PRODUCT_NAME = "$(TARGET_NAME)";
				SWIFT_OBJC_BRIDGING_HEADER = "./PoopCheck/header-bridge.h";
			};
			name = Debug;
		};
		BFAF80091AE8318C007A3468 /* Release */ = {
			isa = XCBuildConfiguration;
			buildSettings = {
				ASSETCATALOG_COMPILER_APPICON_NAME = AppIcon;
				CODE_SIGN_IDENTITY = "iPhone Developer";
				FRAMEWORK_SEARCH_PATHS = (
					"$(inherited)",
					"$(PROJECT_DIR)",
					/Users/matheusfrozzi/Documents/FacebookSDK,
				);
				INFOPLIST_FILE = PoopCheck/Info.plist;
				LD_RUNPATH_SEARCH_PATHS = "$(inherited) @executable_path/Frameworks";
				PRODUCT_NAME = "$(TARGET_NAME)";
				SWIFT_OBJC_BRIDGING_HEADER = "./PoopCheck/header-bridge.h";
			};
			name = Release;
		};
		BFAF800B1AE8318C007A3468 /* Debug */ = {
			isa = XCBuildConfiguration;
			buildSettings = {
				BUNDLE_LOADER = "$(TEST_HOST)";
				FRAMEWORK_SEARCH_PATHS = (
					"$(SDKROOT)/Developer/Library/Frameworks",
					"$(inherited)",
				);
				GCC_PREPROCESSOR_DEFINITIONS = (
					"DEBUG=1",
					"$(inherited)",
				);
				INFOPLIST_FILE = PoopCheckTests/Info.plist;
				LD_RUNPATH_SEARCH_PATHS = "$(inherited) @executable_path/Frameworks @loader_path/Frameworks";
				PRODUCT_NAME = "$(TARGET_NAME)";
				TEST_HOST = "$(BUILT_PRODUCTS_DIR)/PoopCheck.app/PoopCheck";
			};
			name = Debug;
		};
		BFAF800C1AE8318C007A3468 /* Release */ = {
			isa = XCBuildConfiguration;
			buildSettings = {
				BUNDLE_LOADER = "$(TEST_HOST)";
				FRAMEWORK_SEARCH_PATHS = (
					"$(SDKROOT)/Developer/Library/Frameworks",
					"$(inherited)",
				);
				INFOPLIST_FILE = PoopCheckTests/Info.plist;
				LD_RUNPATH_SEARCH_PATHS = "$(inherited) @executable_path/Frameworks @loader_path/Frameworks";
				PRODUCT_NAME = "$(TARGET_NAME)";
				TEST_HOST = "$(BUILT_PRODUCTS_DIR)/PoopCheck.app/PoopCheck";
			};
			name = Release;
		};
/* End XCBuildConfiguration section */

/* Begin XCConfigurationList section */
		BFAF7FE31AE8318C007A3468 /* Build configuration list for PBXProject "PoopCheck" */ = {
			isa = XCConfigurationList;
			buildConfigurations = (
				BFAF80051AE8318C007A3468 /* Debug */,
				BFAF80061AE8318C007A3468 /* Release */,
			);
			defaultConfigurationIsVisible = 0;
			defaultConfigurationName = Release;
		};
		BFAF80071AE8318C007A3468 /* Build configuration list for PBXNativeTarget "PoopCheck" */ = {
			isa = XCConfigurationList;
			buildConfigurations = (
				BFAF80081AE8318C007A3468 /* Debug */,
				BFAF80091AE8318C007A3468 /* Release */,
			);
			defaultConfigurationIsVisible = 0;
			defaultConfigurationName = Release;
		};
		BFAF800A1AE8318C007A3468 /* Build configuration list for PBXNativeTarget "PoopCheckTests" */ = {
			isa = XCConfigurationList;
			buildConfigurations = (
				BFAF800B1AE8318C007A3468 /* Debug */,
				BFAF800C1AE8318C007A3468 /* Release */,
			);
			defaultConfigurationIsVisible = 0;
			defaultConfigurationName = Release;
		};
/* End XCConfigurationList section */
	};
	rootObject = BFAF7FE01AE8318C007A3468 /* Project object */;
}
